// !$*UTF8*$!
{
	archiveVersion = 1;
	classes = {
	};
	objectVersion = 55;
	objects = {

/* Begin PBXBuildFile section */
		50FDCA6527D916B000977CA7 /* AppDelegate.swift in Sources */ = {isa = PBXBuildFile; fileRef = 50FDCA6427D916B000977CA7 /* AppDelegate.swift */; };
		50FDCA6927D916B000977CA7 /* ViewController.swift in Sources */ = {isa = PBXBuildFile; fileRef = 50FDCA6827D916B000977CA7 /* ViewController.swift */; };
		50FDCA6C27D916B000977CA7 /* Main.storyboard in Resources */ = {isa = PBXBuildFile; fileRef = 50FDCA6A27D916B000977CA7 /* Main.storyboard */; };
		50FDCA6F27D916B000977CA7 /* TenTwentyTask.xcdatamodeld in Sources */ = {isa = PBXBuildFile; fileRef = 50FDCA6D27D916B000977CA7 /* TenTwentyTask.xcdatamodeld */; };
		50FDCA7127D916B300977CA7 /* Assets.xcassets in Resources */ = {isa = PBXBuildFile; fileRef = 50FDCA7027D916B300977CA7 /* Assets.xcassets */; };
		50FDCA7427D916B300977CA7 /* LaunchScreen.storyboard in Resources */ = {isa = PBXBuildFile; fileRef = 50FDCA7227D916B300977CA7 /* LaunchScreen.storyboard */; };
		50FDCA7F27D916B300977CA7 /* TenTwentyTaskTests.swift in Sources */ = {isa = PBXBuildFile; fileRef = 50FDCA7E27D916B300977CA7 /* TenTwentyTaskTests.swift */; };
		50FDCA8927D916B300977CA7 /* TenTwentyTaskUITests.swift in Sources */ = {isa = PBXBuildFile; fileRef = 50FDCA8827D916B300977CA7 /* TenTwentyTaskUITests.swift */; };
		50FDCA8B27D916B300977CA7 /* TenTwentyTaskUITestsLaunchTests.swift in Sources */ = {isa = PBXBuildFile; fileRef = 50FDCA8A27D916B300977CA7 /* TenTwentyTaskUITestsLaunchTests.swift */; };
/* End PBXBuildFile section */

/* Begin PBXContainerItemProxy section */
		50FDCA7B27D916B300977CA7 /* PBXContainerItemProxy */ = {
			isa = PBXContainerItemProxy;
			containerPortal = 50FDCA5927D916B000977CA7 /* Project object */;
			proxyType = 1;
			remoteGlobalIDString = 50FDCA6027D916B000977CA7;
			remoteInfo = TenTwentyTask;
		};
		50FDCA8527D916B300977CA7 /* PBXContainerItemProxy */ = {
			isa = PBXContainerItemProxy;
			containerPortal = 50FDCA5927D916B000977CA7 /* Project object */;
			proxyType = 1;
			remoteGlobalIDString = 50FDCA6027D916B000977CA7;
			remoteInfo = TenTwentyTask;
		};
/* End PBXContainerItemProxy section */

/* Begin PBXFileReference section */
		50FDCA6127D916B000977CA7 /* TenTwentyTask.app */ = {isa = PBXFileReference; explicitFileType = wrapper.application; includeInIndex = 0; path = TenTwentyTask.app; sourceTree = BUILT_PRODUCTS_DIR; };
		50FDCA6427D916B000977CA7 /* AppDelegate.swift */ = {isa = PBXFileReference; lastKnownFileType = sourcecode.swift; path = AppDelegate.swift; sourceTree = "<group>"; };
		50FDCA6827D916B000977CA7 /* ViewController.swift */ = {isa = PBXFileReference; lastKnownFileType = sourcecode.swift; path = ViewController.swift; sourceTree = "<group>"; };
		50FDCA6B27D916B000977CA7 /* Base */ = {isa = PBXFileReference; lastKnownFileType = file.storyboard; name = Base; path = Base.lproj/Main.storyboard; sourceTree = "<group>"; };
		50FDCA6E27D916B000977CA7 /* TenTwentyTask.xcdatamodel */ = {isa = PBXFileReference; lastKnownFileType = wrapper.xcdatamodel; path = TenTwentyTask.xcdatamodel; sourceTree = "<group>"; };
		50FDCA7027D916B300977CA7 /* Assets.xcassets */ = {isa = PBXFileReference; lastKnownFileType = folder.assetcatalog; path = Assets.xcassets; sourceTree = "<group>"; };
		50FDCA7327D916B300977CA7 /* Base */ = {isa = PBXFileReference; lastKnownFileType = file.storyboard; name = Base; path = Base.lproj/LaunchScreen.storyboard; sourceTree = "<group>"; };
		50FDCA7527D916B300977CA7 /* Info.plist */ = {isa = PBXFileReference; lastKnownFileType = text.plist.xml; path = Info.plist; sourceTree = "<group>"; };
		50FDCA7A27D916B300977CA7 /* TenTwentyTaskTests.xctest */ = {isa = PBXFileReference; explicitFileType = wrapper.cfbundle; includeInIndex = 0; path = TenTwentyTaskTests.xctest; sourceTree = BUILT_PRODUCTS_DIR; };
		50FDCA7E27D916B300977CA7 /* TenTwentyTaskTests.swift */ = {isa = PBXFileReference; lastKnownFileType = sourcecode.swift; path = TenTwentyTaskTests.swift; sourceTree = "<group>"; };
		50FDCA8427D916B300977CA7 /* TenTwentyTaskUITests.xctest */ = {isa = PBXFileReference; explicitFileType = wrapper.cfbundle; includeInIndex = 0; path = TenTwentyTaskUITests.xctest; sourceTree = BUILT_PRODUCTS_DIR; };
		50FDCA8827D916B300977CA7 /* TenTwentyTaskUITests.swift */ = {isa = PBXFileReference; lastKnownFileType = sourcecode.swift; path = TenTwentyTaskUITests.swift; sourceTree = "<group>"; };
		50FDCA8A27D916B300977CA7 /* TenTwentyTaskUITestsLaunchTests.swift */ = {isa = PBXFileReference; lastKnownFileType = sourcecode.swift; path = TenTwentyTaskUITestsLaunchTests.swift; sourceTree = "<group>"; };
/* End PBXFileReference section */

/* Begin PBXFrameworksBuildPhase section */
		50FDCA5E27D916B000977CA7 /* Frameworks */ = {
			isa = PBXFrameworksBuildPhase;
			buildActionMask = 2147483647;
			files = (
			);
			runOnlyForDeploymentPostprocessing = 0;
		};
		50FDCA7727D916B300977CA7 /* Frameworks */ = {
			isa = PBXFrameworksBuildPhase;
			buildActionMask = 2147483647;
			files = (
			);
			runOnlyForDeploymentPostprocessing = 0;
		};
		50FDCA8127D916B300977CA7 /* Frameworks */ = {
			isa = PBXFrameworksBuildPhase;
			buildActionMask = 2147483647;
			files = (
			);
			runOnlyForDeploymentPostprocessing = 0;
		};
/* End PBXFrameworksBuildPhase section */

/* Begin PBXGroup section */
		50FDCA5827D916B000977CA7 = {
			isa = PBXGroup;
			children = (
				50FDCA6327D916B000977CA7 /* TenTwentyTask */,
				50FDCA7D27D916B300977CA7 /* TenTwentyTaskTests */,
				50FDCA8727D916B300977CA7 /* TenTwentyTaskUITests */,
				50FDCA6227D916B000977CA7 /* Products */,
			);
			sourceTree = "<group>";
		};
		50FDCA6227D916B000977CA7 /* Products */ = {
			isa = PBXGroup;
			children = (
				50FDCA6127D916B000977CA7 /* TenTwentyTask.app */,
				50FDCA7A27D916B300977CA7 /* TenTwentyTaskTests.xctest */,
				50FDCA8427D916B300977CA7 /* TenTwentyTaskUITests.xctest */,
			);
			name = Products;
			sourceTree = "<group>";
		};
		50FDCA6327D916B000977CA7 /* TenTwentyTask */ = {
			isa = PBXGroup;
			children = (
				50FDCA6427D916B000977CA7 /* AppDelegate.swift */,
				50FDCA6827D916B000977CA7 /* ViewController.swift */,
				50FDCA6A27D916B000977CA7 /* Main.storyboard */,
				50FDCA7027D916B300977CA7 /* Assets.xcassets */,
				50FDCA7227D916B300977CA7 /* LaunchScreen.storyboard */,
				50FDCA7527D916B300977CA7 /* Info.plist */,
				50FDCA6D27D916B000977CA7 /* TenTwentyTask.xcdatamodeld */,
			);
			path = TenTwentyTask;
			sourceTree = "<group>";
		};
		50FDCA7D27D916B300977CA7 /* TenTwentyTaskTests */ = {
			isa = PBXGroup;
			children = (
				50FDCA7E27D916B300977CA7 /* TenTwentyTaskTests.swift */,
			);
			path = TenTwentyTaskTests;
			sourceTree = "<group>";
		};
		50FDCA8727D916B300977CA7 /* TenTwentyTaskUITests */ = {
			isa = PBXGroup;
			children = (
				50FDCA8827D916B300977CA7 /* TenTwentyTaskUITests.swift */,
				50FDCA8A27D916B300977CA7 /* TenTwentyTaskUITestsLaunchTests.swift */,
			);
			path = TenTwentyTaskUITests;
			sourceTree = "<group>";
		};
/* End PBXGroup section */

/* Begin PBXNativeTarget section */
		50FDCA6027D916B000977CA7 /* TenTwentyTask */ = {
			isa = PBXNativeTarget;
			buildConfigurationList = 50FDCA8E27D916B300977CA7 /* Build configuration list for PBXNativeTarget "TenTwentyTask" */;
			buildPhases = (
				50FDCA5D27D916B000977CA7 /* Sources */,
				50FDCA5E27D916B000977CA7 /* Frameworks */,
				50FDCA5F27D916B000977CA7 /* Resources */,
			);
			buildRules = (
			);
			dependencies = (
			);
			name = TenTwentyTask;
			productName = TenTwentyTask;
			productReference = 50FDCA6127D916B000977CA7 /* TenTwentyTask.app */;
			productType = "com.apple.product-type.application";
		};
		50FDCA7927D916B300977CA7 /* TenTwentyTaskTests */ = {
			isa = PBXNativeTarget;
			buildConfigurationList = 50FDCA9127D916B300977CA7 /* Build configuration list for PBXNativeTarget "TenTwentyTaskTests" */;
			buildPhases = (
				50FDCA7627D916B300977CA7 /* Sources */,
				50FDCA7727D916B300977CA7 /* Frameworks */,
				50FDCA7827D916B300977CA7 /* Resources */,
			);
			buildRules = (
			);
			dependencies = (
				50FDCA7C27D916B300977CA7 /* PBXTargetDependency */,
			);
			name = TenTwentyTaskTests;
			productName = TenTwentyTaskTests;
			productReference = 50FDCA7A27D916B300977CA7 /* TenTwentyTaskTests.xctest */;
			productType = "com.apple.product-type.bundle.unit-test";
		};
		50FDCA8327D916B300977CA7 /* TenTwentyTaskUITests */ = {
			isa = PBXNativeTarget;
			buildConfigurationList = 50FDCA9427D916B300977CA7 /* Build configuration list for PBXNativeTarget "TenTwentyTaskUITests" */;
			buildPhases = (
				50FDCA8027D916B300977CA7 /* Sources */,
				50FDCA8127D916B300977CA7 /* Frameworks */,
				50FDCA8227D916B300977CA7 /* Resources */,
			);
			buildRules = (
			);
			dependencies = (
				50FDCA8627D916B300977CA7 /* PBXTargetDependency */,
			);
			name = TenTwentyTaskUITests;
			productName = TenTwentyTaskUITests;
			productReference = 50FDCA8427D916B300977CA7 /* TenTwentyTaskUITests.xctest */;
			productType = "com.apple.product-type.bundle.ui-testing";
		};
/* End PBXNativeTarget section */

/* Begin PBXProject section */
		50FDCA5927D916B000977CA7 /* Project object */ = {
			isa = PBXProject;
			attributes = {
				BuildIndependentTargetsInParallel = 1;
				LastSwiftUpdateCheck = 1310;
				LastUpgradeCheck = 1310;
				TargetAttributes = {
					50FDCA6027D916B000977CA7 = {
						CreatedOnToolsVersion = 13.1;
					};
					50FDCA7927D916B300977CA7 = {
						CreatedOnToolsVersion = 13.1;
						TestTargetID = 50FDCA6027D916B000977CA7;
					};
					50FDCA8327D916B300977CA7 = {
						CreatedOnToolsVersion = 13.1;
						TestTargetID = 50FDCA6027D916B000977CA7;
					};
				};
			};
			buildConfigurationList = 50FDCA5C27D916B000977CA7 /* Build configuration list for PBXProject "TenTwentyTask" */;
			compatibilityVersion = "Xcode 13.0";
			developmentRegion = en;
			hasScannedForEncodings = 0;
			knownRegions = (
				en,
				Base,
			);
			mainGroup = 50FDCA5827D916B000977CA7;
			productRefGroup = 50FDCA6227D916B000977CA7 /* Products */;
			projectDirPath = "";
			projectRoot = "";
			targets = (
				50FDCA6027D916B000977CA7 /* TenTwentyTask */,
				50FDCA7927D916B300977CA7 /* TenTwentyTaskTests */,
				50FDCA8327D916B300977CA7 /* TenTwentyTaskUITests */,
			);
		};
/* End PBXProject section */

/* Begin PBXResourcesBuildPhase section */
		50FDCA5F27D916B000977CA7 /* Resources */ = {
			isa = PBXResourcesBuildPhase;
			buildActionMask = 2147483647;
			files = (
				50FDCA7427D916B300977CA7 /* LaunchScreen.storyboard in Resources */,
				50FDCA7127D916B300977CA7 /* Assets.xcassets in Resources */,
				50FDCA6C27D916B000977CA7 /* Main.storyboard in Resources */,
			);
			runOnlyForDeploymentPostprocessing = 0;
		};
		50FDCA7827D916B300977CA7 /* Resources */ = {
			isa = PBXResourcesBuildPhase;
			buildActionMask = 2147483647;
			files = (
			);
			runOnlyForDeploymentPostprocessing = 0;
		};
		50FDCA8227D916B300977CA7 /* Resources */ = {
			isa = PBXResourcesBuildPhase;
			buildActionMask = 2147483647;
			files = (
			);
			runOnlyForDeploymentPostprocessing = 0;
		};
/* End PBXResourcesBuildPhase section */

/* Begin PBXSourcesBuildPhase section */
		50FDCA5D27D916B000977CA7 /* Sources */ = {
			isa = PBXSourcesBuildPhase;
			buildActionMask = 2147483647;
			files = (
				50FDCA6927D916B000977CA7 /* ViewController.swift in Sources */,
				50FDCA6527D916B000977CA7 /* AppDelegate.swift in Sources */,
				50FDCA6F27D916B000977CA7 /* TenTwentyTask.xcdatamodeld in Sources */,
			);
			runOnlyForDeploymentPostprocessing = 0;
		};
		50FDCA7627D916B300977CA7 /* Sources */ = {
			isa = PBXSourcesBuildPhase;
			buildActionMask = 2147483647;
			files = (
				50FDCA7F27D916B300977CA7 /* TenTwentyTaskTests.swift in Sources */,
			);
			runOnlyForDeploymentPostprocessing = 0;
		};
		50FDCA8027D916B300977CA7 /* Sources */ = {
			isa = PBXSourcesBuildPhase;
			buildActionMask = 2147483647;
			files = (
				50FDCA8B27D916B300977CA7 /* TenTwentyTaskUITestsLaunchTests.swift in Sources */,
				50FDCA8927D916B300977CA7 /* TenTwentyTaskUITests.swift in Sources */,
			);
			runOnlyForDeploymentPostprocessing = 0;
		};
/* End PBXSourcesBuildPhase section */

/* Begin PBXTargetDependency section */
		50FDCA7C27D916B300977CA7 /* PBXTargetDependency */ = {
			isa = PBXTargetDependency;
			target = 50FDCA6027D916B000977CA7 /* TenTwentyTask */;
			targetProxy = 50FDCA7B27D916B300977CA7 /* PBXContainerItemProxy */;
		};
		50FDCA8627D916B300977CA7 /* PBXTargetDependency */ = {
			isa = PBXTargetDependency;
			target = 50FDCA6027D916B000977CA7 /* TenTwentyTask */;
			targetProxy = 50FDCA8527D916B300977CA7 /* PBXContainerItemProxy */;
		};
/* End PBXTargetDependency section */

/* Begin PBXVariantGroup section */
		50FDCA6A27D916B000977CA7 /* Main.storyboard */ = {
			isa = PBXVariantGroup;
			children = (
				50FDCA6B27D916B000977CA7 /* Base */,
			);
			name = Main.storyboard;
			sourceTree = "<group>";
		};
		50FDCA7227D916B300977CA7 /* LaunchScreen.storyboard */ = {
			isa = PBXVariantGroup;
			children = (
				50FDCA7327D916B300977CA7 /* Base */,
			);
			name = LaunchScreen.storyboard;
			sourceTree = "<group>";
		};
/* End PBXVariantGroup section */

/* Begin XCBuildConfiguration section */
		50FDCA8C27D916B300977CA7 /* Debug */ = {
			isa = XCBuildConfiguration;
			buildSettings = {
				ALWAYS_SEARCH_USER_PATHS = NO;
				CLANG_ANALYZER_NONNULL = YES;
				CLANG_ANALYZER_NUMBER_OBJECT_CONVERSION = YES_AGGRESSIVE;
				CLANG_CXX_LANGUAGE_STANDARD = "gnu++17";
				CLANG_CXX_LIBRARY = "libc++";
				CLANG_ENABLE_MODULES = YES;
				CLANG_ENABLE_OBJC_ARC = YES;
				CLANG_ENABLE_OBJC_WEAK = YES;
				CLANG_WARN_BLOCK_CAPTURE_AUTORELEASING = YES;
				CLANG_WARN_BOOL_CONVERSION = YES;
				CLANG_WARN_COMMA = YES;
				CLANG_WARN_CONSTANT_CONVERSION = YES;
				CLANG_WARN_DEPRECATED_OBJC_IMPLEMENTATIONS = YES;
				CLANG_WARN_DIRECT_OBJC_ISA_USAGE = YES_ERROR;
				CLANG_WARN_DOCUMENTATION_COMMENTS = YES;
				CLANG_WARN_EMPTY_BODY = YES;
				CLANG_WARN_ENUM_CONVERSION = YES;
				CLANG_WARN_INFINITE_RECURSION = YES;
				CLANG_WARN_INT_CONVERSION = YES;
				CLANG_WARN_NON_LITERAL_NULL_CONVERSION = YES;
				CLANG_WARN_OBJC_IMPLICIT_RETAIN_SELF = YES;
				CLANG_WARN_OBJC_LITERAL_CONVERSION = YES;
				CLANG_WARN_OBJC_ROOT_CLASS = YES_ERROR;
				CLANG_WARN_QUOTED_INCLUDE_IN_FRAMEWORK_HEADER = YES;
				CLANG_WARN_RANGE_LOOP_ANALYSIS = YES;
				CLANG_WARN_STRICT_PROTOTYPES = YES;
				CLANG_WARN_SUSPICIOUS_MOVE = YES;
				CLANG_WARN_UNGUARDED_AVAILABILITY = YES_AGGRESSIVE;
				CLANG_WARN_UNREACHABLE_CODE = YES;
				CLANG_WARN__DUPLICATE_METHOD_MATCH = YES;
				COPY_PHASE_STRIP = NO;
				DEBUG_INFORMATION_FORMAT = dwarf;
				ENABLE_STRICT_OBJC_MSGSEND = YES;
				ENABLE_TESTABILITY = YES;
				GCC_C_LANGUAGE_STANDARD = gnu11;
				GCC_DYNAMIC_NO_PIC = NO;
				GCC_NO_COMMON_BLOCKS = YES;
				GCC_OPTIMIZATION_LEVEL = 0;
				GCC_PREPROCESSOR_DEFINITIONS = (
					"DEBUG=1",
					"$(inherited)",
				);
				GCC_WARN_64_TO_32_BIT_CONVERSION = YES;
				GCC_WARN_ABOUT_RETURN_TYPE = YES_ERROR;
				GCC_WARN_UNDECLARED_SELECTOR = YES;
				GCC_WARN_UNINITIALIZED_AUTOS = YES_AGGRESSIVE;
				GCC_WARN_UNUSED_FUNCTION = YES;
				GCC_WARN_UNUSED_VARIABLE = YES;
				IPHONEOS_DEPLOYMENT_TARGET = 15.0;
				MTL_ENABLE_DEBUG_INFO = INCLUDE_SOURCE;
				MTL_FAST_MATH = YES;
				ONLY_ACTIVE_ARCH = YES;
				SDKROOT = iphoneos;
				SWIFT_ACTIVE_COMPILATION_CONDITIONS = DEBUG;
				SWIFT_OPTIMIZATION_LEVEL = "-Onone";
			};
			name = Debug;
		};
		50FDCA8D27D916B300977CA7 /* Release */ = {
			isa = XCBuildConfiguration;
			buildSettings = {
				ALWAYS_SEARCH_USER_PATHS = NO;
				CLANG_ANALYZER_NONNULL = YES;
				CLANG_ANALYZER_NUMBER_OBJECT_CONVERSION = YES_AGGRESSIVE;
				CLANG_CXX_LANGUAGE_STANDARD = "gnu++17";
				CLANG_CXX_LIBRARY = "libc++";
				CLANG_ENABLE_MODULES = YES;
				CLANG_ENABLE_OBJC_ARC = YES;
				CLANG_ENABLE_OBJC_WEAK = YES;
				CLANG_WARN_BLOCK_CAPTURE_AUTORELEASING = YES;
				CLANG_WARN_BOOL_CONVERSION = YES;
				CLANG_WARN_COMMA = YES;
				CLANG_WARN_CONSTANT_CONVERSION = YES;
				CLANG_WARN_DEPRECATED_OBJC_IMPLEMENTATIONS = YES;
				CLANG_WARN_DIRECT_OBJC_ISA_USAGE = YES_ERROR;
				CLANG_WARN_DOCUMENTATION_COMMENTS = YES;
				CLANG_WARN_EMPTY_BODY = YES;
				CLANG_WARN_ENUM_CONVERSION = YES;
				CLANG_WARN_INFINITE_RECURSION = YES;
				CLANG_WARN_INT_CONVERSION = YES;
				CLANG_WARN_NON_LITERAL_NULL_CONVERSION = YES;
				CLANG_WARN_OBJC_IMPLICIT_RETAIN_SELF = YES;
				CLANG_WARN_OBJC_LITERAL_CONVERSION = YES;
				CLANG_WARN_OBJC_ROOT_CLASS = YES_ERROR;
				CLANG_WARN_QUOTED_INCLUDE_IN_FRAMEWORK_HEADER = YES;
				CLANG_WARN_RANGE_LOOP_ANALYSIS = YES;
				CLANG_WARN_STRICT_PROTOTYPES = YES;
				CLANG_WARN_SUSPICIOUS_MOVE = YES;
				CLANG_WARN_UNGUARDED_AVAILABILITY = YES_AGGRESSIVE;
				CLANG_WARN_UNREACHABLE_CODE = YES;
				CLANG_WARN__DUPLICATE_METHOD_MATCH = YES;
				COPY_PHASE_STRIP = NO;
				DEBUG_INFORMATION_FORMAT = "dwarf-with-dsym";
				ENABLE_NS_ASSERTIONS = NO;
				ENABLE_STRICT_OBJC_MSGSEND = YES;
				GCC_C_LANGUAGE_STANDARD = gnu11;
				GCC_NO_COMMON_BLOCKS = YES;
				GCC_WARN_64_TO_32_BIT_CONVERSION = YES;
				GCC_WARN_ABOUT_RETURN_TYPE = YES_ERROR;
				GCC_WARN_UNDECLARED_SELECTOR = YES;
				GCC_WARN_UNINITIALIZED_AUTOS = YES_AGGRESSIVE;
				GCC_WARN_UNUSED_FUNCTION = YES;
				GCC_WARN_UNUSED_VARIABLE = YES;
				IPHONEOS_DEPLOYMENT_TARGET = 15.0;
				MTL_ENABLE_DEBUG_INFO = NO;
				MTL_FAST_MATH = YES;
				SDKROOT = iphoneos;
				SWIFT_COMPILATION_MODE = wholemodule;
				SWIFT_OPTIMIZATION_LEVEL = "-O";
				VALIDATE_PRODUCT = YES;
			};
			name = Release;
		};
		50FDCA8F27D916B300977CA7 /* Debug */ = {
			isa = XCBuildConfiguration;
			buildSettings = {
				ASSETCATALOG_COMPILER_APPICON_NAME = AppIcon;
				ASSETCATALOG_COMPILER_GLOBAL_ACCENT_COLOR_NAME = AccentColor;
				CODE_SIGN_STYLE = Automatic;
				CURRENT_PROJECT_VERSION = 1;
				GENERATE_INFOPLIST_FILE = YES;
				INFOPLIST_FILE = TenTwentyTask/Info.plist;
				INFOPLIST_KEY_UIApplicationSupportsIndirectInputEvents = YES;
				INFOPLIST_KEY_UILaunchStoryboardName = LaunchScreen;
				INFOPLIST_KEY_UIMainStoryboardFile = Main;
				INFOPLIST_KEY_UISupportedInterfaceOrientations_iPad = "UIInterfaceOrientationPortrait UIInterfaceOrientationPortraitUpsideDown UIInterfaceOrientationLandscapeLeft UIInterfaceOrientationLandscapeRight";
				INFOPLIST_KEY_UISupportedInterfaceOrientations_iPhone = "UIInterfaceOrientationPortrait UIInterfaceOrientationLandscapeLeft UIInterfaceOrientationLandscapeRight";
				LD_RUNPATH_SEARCH_PATHS = (
					"$(inherited)",
					"@executable_path/Frameworks",
				);
				MARKETING_VERSION = 1.0;
				PRODUCT_BUNDLE_IDENTIFIER = com.usama.TenTwentyTask;
				PRODUCT_NAME = "$(TARGET_NAME)";
				SWIFT_EMIT_LOC_STRINGS = YES;
				SWIFT_VERSION = 5.0;
				TARGETED_DEVICE_FAMILY = "1,2";
			};
			name = Debug;
		};
		50FDCA9027D916B300977CA7 /* Release */ = {
			isa = XCBuildConfiguration;
			buildSettings = {
				ASSETCATALOG_COMPILER_APPICON_NAME = AppIcon;
				ASSETCATALOG_COMPILER_GLOBAL_ACCENT_COLOR_NAME = AccentColor;
				CODE_SIGN_STYLE = Automatic;
				CURRENT_PROJECT_VERSION = 1;
				GENERATE_INFOPLIST_FILE = YES;
				INFOPLIST_FILE = TenTwentyTask/Info.plist;
				INFOPLIST_KEY_UIApplicationSupportsIndirectInputEvents = YES;
				INFOPLIST_KEY_UILaunchStoryboardName = LaunchScreen;
				INFOPLIST_KEY_UIMainStoryboardFile = Main;
				INFOPLIST_KEY_UISupportedInterfaceOrientations_iPad = "UIInterfaceOrientationPortrait UIInterfaceOrientationPortraitUpsideDown UIInterfaceOrientationLandscapeLeft UIInterfaceOrientationLandscapeRight";
				INFOPLIST_KEY_UISupportedInterfaceOrientations_iPhone = "UIInterfaceOrientationPortrait UIInterfaceOrientationLandscapeLeft UIInterfaceOrientationLandscapeRight";
				LD_RUNPATH_SEARCH_PATHS = (
					"$(inherited)",
					"@executable_path/Frameworks",
				);
				MARKETING_VERSION = 1.0;
				PRODUCT_BUNDLE_IDENTIFIER = com.usama.TenTwentyTask;
				PRODUCT_NAME = "$(TARGET_NAME)";
				SWIFT_EMIT_LOC_STRINGS = YES;
				SWIFT_VERSION = 5.0;
				TARGETED_DEVICE_FAMILY = "1,2";
			};
			name = Release;
		};
		50FDCA9227D916B300977CA7 /* Debug */ = {
			isa = XCBuildConfiguration;
			buildSettings = {
				ALWAYS_EMBED_SWIFT_STANDARD_LIBRARIES = YES;
				BUNDLE_LOADER = "$(TEST_HOST)";
				CODE_SIGN_STYLE = Automatic;
				CURRENT_PROJECT_VERSION = 1;
				GENERATE_INFOPLIST_FILE = YES;
				IPHONEOS_DEPLOYMENT_TARGET = 15.0;
				LD_RUNPATH_SEARCH_PATHS = (
					"$(inherited)",
					"@executable_path/Frameworks",
					"@loader_path/Frameworks",
				);
				MARKETING_VERSION = 1.0;
				PRODUCT_BUNDLE_IDENTIFIER = com.usama.TenTwentyTaskTests;
				PRODUCT_NAME = "$(TARGET_NAME)";
				SWIFT_EMIT_LOC_STRINGS = NO;
				SWIFT_VERSION = 5.0;
				TARGETED_DEVICE_FAMILY = "1,2";
				TEST_HOST = "$(BUILT_PRODUCTS_DIR)/TenTwentyTask.app/TenTwentyTask";
			};
			name = Debug;
		};
		50FDCA9327D916B300977CA7 /* Release */ = {
			isa = XCBuildConfiguration;
			buildSettings = {
				ALWAYS_EMBED_SWIFT_STANDARD_LIBRARIES = YES;
				BUNDLE_LOADER = "$(TEST_HOST)";
				CODE_SIGN_STYLE = Automatic;
				CURRENT_PROJECT_VERSION = 1;
				GENERATE_INFOPLIST_FILE = YES;
				IPHONEOS_DEPLOYMENT_TARGET = 15.0;
				LD_RUNPATH_SEARCH_PATHS = (
					"$(inherited)",
					"@executable_path/Frameworks",
					"@loader_path/Frameworks",
				);
				MARKETING_VERSION = 1.0;
				PRODUCT_BUNDLE_IDENTIFIER = com.usama.TenTwentyTaskTests;
				PRODUCT_NAME = "$(TARGET_NAME)";
				SWIFT_EMIT_LOC_STRINGS = NO;
				SWIFT_VERSION = 5.0;
				TARGETED_DEVICE_FAMILY = "1,2";
				TEST_HOST = "$(BUILT_PRODUCTS_DIR)/TenTwentyTask.app/TenTwentyTask";
			};
			name = Release;
		};
		50FDCA9527D916B300977CA7 /* Debug */ = {
			isa = XCBuildConfiguration;
			buildSettings = {
				ALWAYS_EMBED_SWIFT_STANDARD_LIBRARIES = YES;
				CODE_SIGN_STYLE = Automatic;
				CURRENT_PROJECT_VERSION = 1;
				GENERATE_INFOPLIST_FILE = YES;
				LD_RUNPATH_SEARCH_PATHS = (
					"$(inherited)",
					"@executable_path/Frameworks",
					"@loader_path/Frameworks",
				);
				MARKETING_VERSION = 1.0;
				PRODUCT_BUNDLE_IDENTIFIER = com.usama.TenTwentyTaskUITests;
				PRODUCT_NAME = "$(TARGET_NAME)";
				SWIFT_EMIT_LOC_STRINGS = NO;
				SWIFT_VERSION = 5.0;
				TARGETED_DEVICE_FAMILY = "1,2";
				TEST_TARGET_NAME = TenTwentyTask;
			};
			name = Debug;
		};
		50FDCA9627D916B300977CA7 /* Release */ = {
			isa = XCBuildConfiguration;
			buildSettings = {
				ALWAYS_EMBED_SWIFT_STANDARD_LIBRARIES = YES;
				CODE_SIGN_STYLE = Automatic;
				CURRENT_PROJECT_VERSION = 1;
				GENERATE_INFOPLIST_FILE = YES;
				LD_RUNPATH_SEARCH_PATHS = (
					"$(inherited)",
					"@executable_path/Frameworks",
					"@loader_path/Frameworks",
				);
				MARKETING_VERSION = 1.0;
				PRODUCT_BUNDLE_IDENTIFIER = com.usama.TenTwentyTaskUITests;
				PRODUCT_NAME = "$(TARGET_NAME)";
				SWIFT_EMIT_LOC_STRINGS = NO;
				SWIFT_VERSION = 5.0;
				TARGETED_DEVICE_FAMILY = "1,2";
				TEST_TARGET_NAME = TenTwentyTask;
			};
			name = Release;
		};
/* End XCBuildConfiguration section */

/* Begin XCConfigurationList section */
		50FDCA5C27D916B000977CA7 /* Build configuration list for PBXProject "TenTwentyTask" */ = {
			isa = XCConfigurationList;
			buildConfigurations = (
				50FDCA8C27D916B300977CA7 /* Debug */,
				50FDCA8D27D916B300977CA7 /* Release */,
			);
			defaultConfigurationIsVisible = 0;
			defaultConfigurationName = Release;
		};
		50FDCA8E27D916B300977CA7 /* Build configuration list for PBXNativeTarget "TenTwentyTask" */ = {
			isa = XCConfigurationList;
			buildConfigurations = (
				50FDCA8F27D916B300977CA7 /* Debug */,
				50FDCA9027D916B300977CA7 /* Release */,
			);
			defaultConfigurationIsVisible = 0;
			defaultConfigurationName = Release;
		};
		50FDCA9127D916B300977CA7 /* Build configuration list for PBXNativeTarget "TenTwentyTaskTests" */ = {
			isa = XCConfigurationList;
			buildConfigurations = (
				50FDCA9227D916B300977CA7 /* Debug */,
				50FDCA9327D916B300977CA7 /* Release */,
			);
			defaultConfigurationIsVisible = 0;
			defaultConfigurationName = Release;
		};
		50FDCA9427D916B300977CA7 /* Build configuration list for PBXNativeTarget "TenTwentyTaskUITests" */ = {
			isa = XCConfigurationList;
			buildConfigurations = (
				50FDCA9527D916B300977CA7 /* Debug */,
				50FDCA9627D916B300977CA7 /* Release */,
			);
			defaultConfigurationIsVisible = 0;
			defaultConfigurationName = Release;
		};
/* End XCConfigurationList section */

/* Begin XCVersionGroup section */
		50FDCA6D27D916B000977CA7 /* TenTwentyTask.xcdatamodeld */ = {
			isa = XCVersionGroup;
			children = (
				50FDCA6E27D916B000977CA7 /* TenTwentyTask.xcdatamodel */,
			);
			currentVersion = 50FDCA6E27D916B000977CA7 /* TenTwentyTask.xcdatamodel */;
			path = TenTwentyTask.xcdatamodeld;
			sourceTree = "<group>";
			versionGroupType = wrapper.xcdatamodel;
		};
/* End XCVersionGroup section */
	};
	rootObject = 50FDCA5927D916B000977CA7 /* Project object */;
}
