// !$*UTF8*$!
{
	archiveVersion = 1;
	classes = {
	};
	objectVersion = 55;
	objects = {

/* Begin PBXBuildFile section */
		5006D54727D91D0D0078D6DE /* API.swift in Sources */ = {isa = PBXBuildFile; fileRef = 5006D52227D91D0C0078D6DE /* API.swift */; };
		5006D54827D91D0D0078D6DE /* JSONEncoder.swift in Sources */ = {isa = PBXBuildFile; fileRef = 5006D52427D91D0C0078D6DE /* JSONEncoder.swift */; };
		5006D54927D91D0D0078D6DE /* APIClient.swift in Sources */ = {isa = PBXBuildFile; fileRef = 5006D52527D91D0C0078D6DE /* APIClient.swift */; };
		5006D54A27D91D0D0078D6DE /* DefaultError.swift in Sources */ = {isa = PBXBuildFile; fileRef = 5006D52627D91D0C0078D6DE /* DefaultError.swift */; };
		5006D54B27D91D0D0078D6DE /* BaseNetwork.swift in Sources */ = {isa = PBXBuildFile; fileRef = 5006D52727D91D0C0078D6DE /* BaseNetwork.swift */; };
		5006D54C27D91D0D0078D6DE /* ReusableIdentifier.swift in Sources */ = {isa = PBXBuildFile; fileRef = 5006D52927D91D0C0078D6DE /* ReusableIdentifier.swift */; };
		5006D54E27D91D0D0078D6DE /* MovieListViewModel.swift in Sources */ = {isa = PBXBuildFile; fileRef = 5006D52D27D91D0C0078D6DE /* MovieListViewModel.swift */; };
		5006D55127D91D0D0078D6DE /* Main.storyboard in Resources */ = {isa = PBXBuildFile; fileRef = 5006D53527D91D0D0078D6DE /* Main.storyboard */; };
		5006D55227D91D0D0078D6DE /* UITableView.swift in Sources */ = {isa = PBXBuildFile; fileRef = 5006D53927D91D0D0078D6DE /* UITableView.swift */; };
		5006D55327D91D0D0078D6DE /* UIViewController.swift in Sources */ = {isa = PBXBuildFile; fileRef = 5006D53A27D91D0D0078D6DE /* UIViewController.swift */; };
		5006D55427D91D0D0078D6DE /* UIAlertController.swift in Sources */ = {isa = PBXBuildFile; fileRef = 5006D53B27D91D0D0078D6DE /* UIAlertController.swift */; };
		5006D55527D91D0D0078D6DE /* Date.swift in Sources */ = {isa = PBXBuildFile; fileRef = 5006D53D27D91D0D0078D6DE /* Date.swift */; };
		5006D55627D91D0D0078D6DE /* Formatter.swift in Sources */ = {isa = PBXBuildFile; fileRef = 5006D53E27D91D0D0078D6DE /* Formatter.swift */; };
		5006D55727D91D0D0078D6DE /* Optional.swift in Sources */ = {isa = PBXBuildFile; fileRef = 5006D54027D91D0D0078D6DE /* Optional.swift */; };
		5006D55827D91D0D0078D6DE /* Constants.swift in Sources */ = {isa = PBXBuildFile; fileRef = 5006D54227D91D0D0078D6DE /* Constants.swift */; };
		5006D55927D91D0D0078D6DE /* ImageProvider.swift in Sources */ = {isa = PBXBuildFile; fileRef = 5006D54327D91D0D0078D6DE /* ImageProvider.swift */; };
		5006D55A27D91D0D0078D6DE /* SharedLogger.swift in Sources */ = {isa = PBXBuildFile; fileRef = 5006D54427D91D0D0078D6DE /* SharedLogger.swift */; };
		5006D55E27D91F9C0078D6DE /* Router.swift in Sources */ = {isa = PBXBuildFile; fileRef = 5006D55D27D91F9C0078D6DE /* Router.swift */; };
		508A502427DCAA3E0053CFF9 /* BaseVC.swift in Sources */ = {isa = PBXBuildFile; fileRef = 508A502327DCAA3E0053CFF9 /* BaseVC.swift */; };
		508A502727DCAA890053CFF9 /* MoviesCell.swift in Sources */ = {isa = PBXBuildFile; fileRef = 508A502527DCAA890053CFF9 /* MoviesCell.swift */; };
		508A502827DCAA890053CFF9 /* MoviesCell.xib in Resources */ = {isa = PBXBuildFile; fileRef = 508A502627DCAA890053CFF9 /* MoviesCell.xib */; };
		508A502B27DCABBD0053CFF9 /* MovieDetailVC.swift in Sources */ = {isa = PBXBuildFile; fileRef = 508A502A27DCABBD0053CFF9 /* MovieDetailVC.swift */; };
		508A502E27DCAD470053CFF9 /* Movies.swift in Sources */ = {isa = PBXBuildFile; fileRef = 508A502D27DCAD470053CFF9 /* Movies.swift */; };
		508A503027DCAE5B0053CFF9 /* UIColor.swift in Sources */ = {isa = PBXBuildFile; fileRef = 508A502F27DCAE5B0053CFF9 /* UIColor.swift */; };
		509BCA2F27DF1E8D00C3ACDB /* BookingVC.swift in Sources */ = {isa = PBXBuildFile; fileRef = 509BCA2E27DF1E8D00C3ACDB /* BookingVC.swift */; };
		509BCA3127DF1F1000C3ACDB /* Seating.swift in Sources */ = {isa = PBXBuildFile; fileRef = 509BCA3027DF1F1000C3ACDB /* Seating.swift */; };
		509BCA3327DF276100C3ACDB /* UICollectionViewCell.swift in Sources */ = {isa = PBXBuildFile; fileRef = 509BCA3227DF276100C3ACDB /* UICollectionViewCell.swift */; };
		509BCA3D27DF293A00C3ACDB /* BookingTextCell.swift in Sources */ = {isa = PBXBuildFile; fileRef = 509BCA3B27DF293A00C3ACDB /* BookingTextCell.swift */; };
		509BCA3E27DF293A00C3ACDB /* BookingTextCell.xib in Resources */ = {isa = PBXBuildFile; fileRef = 509BCA3C27DF293A00C3ACDB /* BookingTextCell.xib */; };
		509BCA4327DF2AFD00C3ACDB /* BookingImageCell.swift in Sources */ = {isa = PBXBuildFile; fileRef = 509BCA4127DF2AFC00C3ACDB /* BookingImageCell.swift */; };
		509BCA4427DF2AFD00C3ACDB /* BookingImageCell.xib in Resources */ = {isa = PBXBuildFile; fileRef = 509BCA4227DF2AFD00C3ACDB /* BookingImageCell.xib */; };
		509BCA4627DF2FC200C3ACDB /* BookingViewModel.swift in Sources */ = {isa = PBXBuildFile; fileRef = 509BCA4527DF2FC200C3ACDB /* BookingViewModel.swift */; };
		509BCA4827DF36A000C3ACDB /* String.swift in Sources */ = {isa = PBXBuildFile; fileRef = 509BCA4727DF36A000C3ACDB /* String.swift */; };
		509BCA4A27DF705E00C3ACDB /* Language.swift in Sources */ = {isa = PBXBuildFile; fileRef = 509BCA4927DF705E00C3ACDB /* Language.swift */; };
		509BCA4C27DF882A00C3ACDB /* TrailerPlaybackVC.swift in Sources */ = {isa = PBXBuildFile; fileRef = 509BCA4B27DF882A00C3ACDB /* TrailerPlaybackVC.swift */; };
		509BCA4E27DF890000C3ACDB /* TrailerPlaybackViewModel.swift in Sources */ = {isa = PBXBuildFile; fileRef = 509BCA4D27DF890000C3ACDB /* TrailerPlaybackViewModel.swift */; };
		509BCA5027DF8CDA00C3ACDB /* PlaybackVideoModel.swift in Sources */ = {isa = PBXBuildFile; fileRef = 509BCA4F27DF8CDA00C3ACDB /* PlaybackVideoModel.swift */; };
		509BCA5227DF8F4600C3ACDB /* TrailerHelper.swift in Sources */ = {isa = PBXBuildFile; fileRef = 509BCA5127DF8F4600C3ACDB /* TrailerHelper.swift */; };
		509BCA5427DFB6AE00C3ACDB /* vikings.mp4 in Resources */ = {isa = PBXBuildFile; fileRef = 509BCA5327DFB6AE00C3ACDB /* vikings.mp4 */; };
		50E159BA27DCBE2F00471FCF /* ErrorHandler.swift in Sources */ = {isa = PBXBuildFile; fileRef = 50E159B927DCBE2F00471FCF /* ErrorHandler.swift */; };
		50E159BC27DCBE4A00471FCF /* MovieRequest.swift in Sources */ = {isa = PBXBuildFile; fileRef = 50E159BB27DCBE4A00471FCF /* MovieRequest.swift */; };
		50E159F927DCBF9400471FCF /* CoreDataStack.swift in Sources */ = {isa = PBXBuildFile; fileRef = 50E159BE27DCBF9400471FCF /* CoreDataStack.swift */; };
		50E159FB27DCBF9400471FCF /* Extension+NSManagedObject.swift in Sources */ = {isa = PBXBuildFile; fileRef = 50E159C127DCBF9400471FCF /* Extension+NSManagedObject.swift */; };
		50E159FC27DCBF9400471FCF /* CoreDataProperties.swift in Sources */ = {isa = PBXBuildFile; fileRef = 50E159C227DCBF9400471FCF /* CoreDataProperties.swift */; };
		50E15A3127DCBF9400471FCF /* Extension+NSManagedObjectContext.swift in Sources */ = {isa = PBXBuildFile; fileRef = 50E159F827DCBF9400471FCF /* Extension+NSManagedObjectContext.swift */; };
		50E15A3327DCC53600471FCF /* CountProvidable.swift in Sources */ = {isa = PBXBuildFile; fileRef = 50E15A3227DCC53600471FCF /* CountProvidable.swift */; };
		50E15A3527DCC57800471FCF /* Float.swift in Sources */ = {isa = PBXBuildFile; fileRef = 50E15A3427DCC57800471FCF /* Float.swift */; };
		50E15A3727DCC6C600471FCF /* UIFont.swift in Sources */ = {isa = PBXBuildFile; fileRef = 50E15A3627DCC6C600471FCF /* UIFont.swift */; };
		50E15A3927DCD52400471FCF /* UIStoryboard.swift in Sources */ = {isa = PBXBuildFile; fileRef = 50E15A3827DCD52400471FCF /* UIStoryboard.swift */; };
		50E15A3B27DCD5E700471FCF /* MovieDetailViewModel.swift in Sources */ = {isa = PBXBuildFile; fileRef = 50E15A3A27DCD5E700471FCF /* MovieDetailViewModel.swift */; };
		50E15A3D27DCD82600471FCF /* StoryboardIdentifiable.swift in Sources */ = {isa = PBXBuildFile; fileRef = 50E15A3C27DCD82600471FCF /* StoryboardIdentifiable.swift */; };
		50E15A3F27DCD8E100471FCF /* MovieDetailRequest.swift in Sources */ = {isa = PBXBuildFile; fileRef = 50E15A3E27DCD8E100471FCF /* MovieDetailRequest.swift */; };
		50E15A4127DCDA8500471FCF /* SearchVC.swift in Sources */ = {isa = PBXBuildFile; fileRef = 50E15A4027DCDA8500471FCF /* SearchVC.swift */; };
		50E15A4327DCDC8200471FCF /* MovieDetail.swift in Sources */ = {isa = PBXBuildFile; fileRef = 50E15A4227DCDC8200471FCF /* MovieDetail.swift */; };
		50E15A4527DCE64900471FCF /* SearchViewModel.swift in Sources */ = {isa = PBXBuildFile; fileRef = 50E15A4427DCE64900471FCF /* SearchViewModel.swift */; };
		50E15A4727DE38AB00471FCF /* BaseTableVC.swift in Sources */ = {isa = PBXBuildFile; fileRef = 50E15A4627DE38AB00471FCF /* BaseTableVC.swift */; };
		50E15A4927DE47C200471FCF /* Theme.swift in Sources */ = {isa = PBXBuildFile; fileRef = 50E15A4827DE47C200471FCF /* Theme.swift */; };
		50E15A4B27DE482B00471FCF /* NSObject.swift in Sources */ = {isa = PBXBuildFile; fileRef = 50E15A4A27DE482B00471FCF /* NSObject.swift */; };
		50E15A4D27DE489900471FCF /* UIWindow.swift in Sources */ = {isa = PBXBuildFile; fileRef = 50E15A4C27DE489900471FCF /* UIWindow.swift */; };
		50E15A4F27DE4B9500471FCF /* UIBarButtonItem.swift in Sources */ = {isa = PBXBuildFile; fileRef = 50E15A4E27DE4B9500471FCF /* UIBarButtonItem.swift */; };
		50E15A5127DE681700471FCF /* AppearanceProxyManager.swift in Sources */ = {isa = PBXBuildFile; fileRef = 50E15A5027DE681600471FCF /* AppearanceProxyManager.swift */; };
		50E15A5327DE69FB00471FCF /* DefaultTheme.swift in Sources */ = {isa = PBXBuildFile; fileRef = 50E15A5227DE69FB00471FCF /* DefaultTheme.swift */; };
		50FDCA6527D916B000977CA7 /* AppDelegate.swift in Sources */ = {isa = PBXBuildFile; fileRef = 50FDCA6427D916B000977CA7 /* AppDelegate.swift */; };
		50FDCA6927D916B000977CA7 /* UpcomingMoviesVC.swift in Sources */ = {isa = PBXBuildFile; fileRef = 50FDCA6827D916B000977CA7 /* UpcomingMoviesVC.swift */; };
		50FDCA6F27D916B000977CA7 /* TenTwentyTask.xcdatamodeld in Sources */ = {isa = PBXBuildFile; fileRef = 50FDCA6D27D916B000977CA7 /* TenTwentyTask.xcdatamodeld */; };
		50FDCA7127D916B300977CA7 /* Assets.xcassets in Resources */ = {isa = PBXBuildFile; fileRef = 50FDCA7027D916B300977CA7 /* Assets.xcassets */; };
		50FDCA7427D916B300977CA7 /* LaunchScreen.storyboard in Resources */ = {isa = PBXBuildFile; fileRef = 50FDCA7227D916B300977CA7 /* LaunchScreen.storyboard */; };
		50FDCA7F27D916B300977CA7 /* TenTwentyTaskTests.swift in Sources */ = {isa = PBXBuildFile; fileRef = 50FDCA7E27D916B300977CA7 /* TenTwentyTaskTests.swift */; };
		50FDCA8927D916B300977CA7 /* TenTwentyTaskUITests.swift in Sources */ = {isa = PBXBuildFile; fileRef = 50FDCA8827D916B300977CA7 /* TenTwentyTaskUITests.swift */; };
		50FDCA8B27D916B300977CA7 /* TenTwentyTaskUITestsLaunchTests.swift in Sources */ = {isa = PBXBuildFile; fileRef = 50FDCA8A27D916B300977CA7 /* TenTwentyTaskUITestsLaunchTests.swift */; };
		6C4ABE67BA87AC4F472B31C1 /* Pods_TenTwentyTask.framework in Frameworks */ = {isa = PBXBuildFile; fileRef = 69176A954634F1EB527670D1 /* Pods_TenTwentyTask.framework */; };
		A90F96588A6EA846B2601C04 /* Pods_TenTwentyTask_TenTwentyTaskUITests.framework in Frameworks */ = {isa = PBXBuildFile; fileRef = F5A0038E8F2EC0098EDDB763 /* Pods_TenTwentyTask_TenTwentyTaskUITests.framework */; };
		F24830A7102458180BD71448 /* Pods_TenTwentyTaskTests.framework in Frameworks */ = {isa = PBXBuildFile; fileRef = 70B4B9E300EB7ECDF761C3C8 /* Pods_TenTwentyTaskTests.framework */; };
/* End PBXBuildFile section */

/* Begin PBXContainerItemProxy section */
		50FDCA7B27D916B300977CA7 /* PBXContainerItemProxy */ = {
			isa = PBXContainerItemProxy;
			containerPortal = 50FDCA5927D916B000977CA7 /* Project object */;
			proxyType = 1;
			remoteGlobalIDString = 50FDCA6027D916B000977CA7;
			remoteInfo = TenTwentyTask;
		};
		50FDCA8527D916B300977CA7 /* PBXContainerItemProxy */ = {
			isa = PBXContainerItemProxy;
			containerPortal = 50FDCA5927D916B000977CA7 /* Project object */;
			proxyType = 1;
			remoteGlobalIDString = 50FDCA6027D916B000977CA7;
			remoteInfo = TenTwentyTask;
		};
/* End PBXContainerItemProxy section */

/* Begin PBXFileReference section */
		47F135FD33A62CF9952B8458 /* Pods-TenTwentyTask-TenTwentyTaskUITests.debug.xcconfig */ = {isa = PBXFileReference; includeInIndex = 1; lastKnownFileType = text.xcconfig; name = "Pods-TenTwentyTask-TenTwentyTaskUITests.debug.xcconfig"; path = "Target Support Files/Pods-TenTwentyTask-TenTwentyTaskUITests/Pods-TenTwentyTask-TenTwentyTaskUITests.debug.xcconfig"; sourceTree = "<group>"; };
		5006D52227D91D0C0078D6DE /* API.swift */ = {isa = PBXFileReference; fileEncoding = 4; lastKnownFileType = sourcecode.swift; path = API.swift; sourceTree = "<group>"; };
		5006D52427D91D0C0078D6DE /* JSONEncoder.swift */ = {isa = PBXFileReference; fileEncoding = 4; lastKnownFileType = sourcecode.swift; path = JSONEncoder.swift; sourceTree = "<group>"; };
		5006D52527D91D0C0078D6DE /* APIClient.swift */ = {isa = PBXFileReference; fileEncoding = 4; lastKnownFileType = sourcecode.swift; path = APIClient.swift; sourceTree = "<group>"; };
		5006D52627D91D0C0078D6DE /* DefaultError.swift */ = {isa = PBXFileReference; fileEncoding = 4; lastKnownFileType = sourcecode.swift; path = DefaultError.swift; sourceTree = "<group>"; };
		5006D52727D91D0C0078D6DE /* BaseNetwork.swift */ = {isa = PBXFileReference; fileEncoding = 4; lastKnownFileType = sourcecode.swift; path = BaseNetwork.swift; sourceTree = "<group>"; };
		5006D52927D91D0C0078D6DE /* ReusableIdentifier.swift */ = {isa = PBXFileReference; fileEncoding = 4; lastKnownFileType = sourcecode.swift; path = ReusableIdentifier.swift; sourceTree = "<group>"; };
		5006D52D27D91D0C0078D6DE /* MovieListViewModel.swift */ = {isa = PBXFileReference; fileEncoding = 4; lastKnownFileType = sourcecode.swift; path = MovieListViewModel.swift; sourceTree = "<group>"; };
		5006D53627D91D0D0078D6DE /* Base */ = {isa = PBXFileReference; lastKnownFileType = file.storyboard; name = Base; path = Base.lproj/Main.storyboard; sourceTree = "<group>"; };
		5006D53927D91D0D0078D6DE /* UITableView.swift */ = {isa = PBXFileReference; fileEncoding = 4; lastKnownFileType = sourcecode.swift; path = UITableView.swift; sourceTree = "<group>"; };
		5006D53A27D91D0D0078D6DE /* UIViewController.swift */ = {isa = PBXFileReference; fileEncoding = 4; lastKnownFileType = sourcecode.swift; path = UIViewController.swift; sourceTree = "<group>"; };
		5006D53B27D91D0D0078D6DE /* UIAlertController.swift */ = {isa = PBXFileReference; fileEncoding = 4; lastKnownFileType = sourcecode.swift; path = UIAlertController.swift; sourceTree = "<group>"; };
		5006D53D27D91D0D0078D6DE /* Date.swift */ = {isa = PBXFileReference; fileEncoding = 4; lastKnownFileType = sourcecode.swift; path = Date.swift; sourceTree = "<group>"; };
		5006D53E27D91D0D0078D6DE /* Formatter.swift */ = {isa = PBXFileReference; fileEncoding = 4; lastKnownFileType = sourcecode.swift; path = Formatter.swift; sourceTree = "<group>"; };
		5006D54027D91D0D0078D6DE /* Optional.swift */ = {isa = PBXFileReference; fileEncoding = 4; lastKnownFileType = sourcecode.swift; path = Optional.swift; sourceTree = "<group>"; };
		5006D54227D91D0D0078D6DE /* Constants.swift */ = {isa = PBXFileReference; fileEncoding = 4; lastKnownFileType = sourcecode.swift; path = Constants.swift; sourceTree = "<group>"; };
		5006D54327D91D0D0078D6DE /* ImageProvider.swift */ = {isa = PBXFileReference; fileEncoding = 4; lastKnownFileType = sourcecode.swift; path = ImageProvider.swift; sourceTree = "<group>"; };
		5006D54427D91D0D0078D6DE /* SharedLogger.swift */ = {isa = PBXFileReference; fileEncoding = 4; lastKnownFileType = sourcecode.swift; path = SharedLogger.swift; sourceTree = "<group>"; };
		5006D55D27D91F9C0078D6DE /* Router.swift */ = {isa = PBXFileReference; fileEncoding = 4; lastKnownFileType = sourcecode.swift; path = Router.swift; sourceTree = "<group>"; };
		508A502327DCAA3E0053CFF9 /* BaseVC.swift */ = {isa = PBXFileReference; lastKnownFileType = sourcecode.swift; path = BaseVC.swift; sourceTree = "<group>"; };
		508A502527DCAA890053CFF9 /* MoviesCell.swift */ = {isa = PBXFileReference; lastKnownFileType = sourcecode.swift; path = MoviesCell.swift; sourceTree = "<group>"; };
		508A502627DCAA890053CFF9 /* MoviesCell.xib */ = {isa = PBXFileReference; lastKnownFileType = file.xib; path = MoviesCell.xib; sourceTree = "<group>"; };
		508A502A27DCABBD0053CFF9 /* MovieDetailVC.swift */ = {isa = PBXFileReference; lastKnownFileType = sourcecode.swift; path = MovieDetailVC.swift; sourceTree = "<group>"; };
		508A502D27DCAD470053CFF9 /* Movies.swift */ = {isa = PBXFileReference; lastKnownFileType = sourcecode.swift; path = Movies.swift; sourceTree = "<group>"; };
		508A502F27DCAE5B0053CFF9 /* UIColor.swift */ = {isa = PBXFileReference; fileEncoding = 4; lastKnownFileType = sourcecode.swift; path = UIColor.swift; sourceTree = "<group>"; };
		509BCA2E27DF1E8D00C3ACDB /* BookingVC.swift */ = {isa = PBXFileReference; lastKnownFileType = sourcecode.swift; path = BookingVC.swift; sourceTree = "<group>"; };
		509BCA3027DF1F1000C3ACDB /* Seating.swift */ = {isa = PBXFileReference; lastKnownFileType = sourcecode.swift; path = Seating.swift; sourceTree = "<group>"; };
		509BCA3227DF276100C3ACDB /* UICollectionViewCell.swift */ = {isa = PBXFileReference; fileEncoding = 4; lastKnownFileType = sourcecode.swift; path = UICollectionViewCell.swift; sourceTree = "<group>"; };
		509BCA3B27DF293A00C3ACDB /* BookingTextCell.swift */ = {isa = PBXFileReference; lastKnownFileType = sourcecode.swift; path = BookingTextCell.swift; sourceTree = "<group>"; };
		509BCA3C27DF293A00C3ACDB /* BookingTextCell.xib */ = {isa = PBXFileReference; lastKnownFileType = file.xib; path = BookingTextCell.xib; sourceTree = "<group>"; };
		509BCA4127DF2AFC00C3ACDB /* BookingImageCell.swift */ = {isa = PBXFileReference; lastKnownFileType = sourcecode.swift; path = BookingImageCell.swift; sourceTree = "<group>"; };
		509BCA4227DF2AFD00C3ACDB /* BookingImageCell.xib */ = {isa = PBXFileReference; lastKnownFileType = file.xib; path = BookingImageCell.xib; sourceTree = "<group>"; };
		509BCA4527DF2FC200C3ACDB /* BookingViewModel.swift */ = {isa = PBXFileReference; lastKnownFileType = sourcecode.swift; path = BookingViewModel.swift; sourceTree = "<group>"; };
		509BCA4727DF36A000C3ACDB /* String.swift */ = {isa = PBXFileReference; fileEncoding = 4; lastKnownFileType = sourcecode.swift; path = String.swift; sourceTree = "<group>"; };
		509BCA4927DF705E00C3ACDB /* Language.swift */ = {isa = PBXFileReference; lastKnownFileType = sourcecode.swift; path = Language.swift; sourceTree = "<group>"; };
		509BCA4B27DF882A00C3ACDB /* TrailerPlaybackVC.swift */ = {isa = PBXFileReference; lastKnownFileType = sourcecode.swift; path = TrailerPlaybackVC.swift; sourceTree = "<group>"; };
		509BCA4D27DF890000C3ACDB /* TrailerPlaybackViewModel.swift */ = {isa = PBXFileReference; lastKnownFileType = sourcecode.swift; path = TrailerPlaybackViewModel.swift; sourceTree = "<group>"; };
		509BCA4F27DF8CDA00C3ACDB /* PlaybackVideoModel.swift */ = {isa = PBXFileReference; lastKnownFileType = sourcecode.swift; path = PlaybackVideoModel.swift; sourceTree = "<group>"; };
		509BCA5127DF8F4600C3ACDB /* TrailerHelper.swift */ = {isa = PBXFileReference; lastKnownFileType = sourcecode.swift; path = TrailerHelper.swift; sourceTree = "<group>"; };
		509BCA5327DFB6AE00C3ACDB /* vikings.mp4 */ = {isa = PBXFileReference; lastKnownFileType = file; path = vikings.mp4; sourceTree = "<group>"; };
		50E159B927DCBE2F00471FCF /* ErrorHandler.swift */ = {isa = PBXFileReference; fileEncoding = 4; lastKnownFileType = sourcecode.swift; path = ErrorHandler.swift; sourceTree = "<group>"; };
		50E159BB27DCBE4A00471FCF /* MovieRequest.swift */ = {isa = PBXFileReference; lastKnownFileType = sourcecode.swift; path = MovieRequest.swift; sourceTree = "<group>"; };
		50E159BE27DCBF9400471FCF /* CoreDataStack.swift */ = {isa = PBXFileReference; fileEncoding = 4; lastKnownFileType = sourcecode.swift; path = CoreDataStack.swift; sourceTree = "<group>"; };
		50E159C127DCBF9400471FCF /* Extension+NSManagedObject.swift */ = {isa = PBXFileReference; fileEncoding = 4; lastKnownFileType = sourcecode.swift; path = "Extension+NSManagedObject.swift"; sourceTree = "<group>"; };
		50E159C227DCBF9400471FCF /* CoreDataProperties.swift */ = {isa = PBXFileReference; fileEncoding = 4; lastKnownFileType = sourcecode.swift; path = CoreDataProperties.swift; sourceTree = "<group>"; };
		50E159F827DCBF9400471FCF /* Extension+NSManagedObjectContext.swift */ = {isa = PBXFileReference; fileEncoding = 4; lastKnownFileType = sourcecode.swift; path = "Extension+NSManagedObjectContext.swift"; sourceTree = "<group>"; };
		50E15A3227DCC53600471FCF /* CountProvidable.swift */ = {isa = PBXFileReference; fileEncoding = 4; lastKnownFileType = sourcecode.swift; path = CountProvidable.swift; sourceTree = "<group>"; };
		50E15A3427DCC57800471FCF /* Float.swift */ = {isa = PBXFileReference; fileEncoding = 4; lastKnownFileType = sourcecode.swift; path = Float.swift; sourceTree = "<group>"; };
		50E15A3627DCC6C600471FCF /* UIFont.swift */ = {isa = PBXFileReference; fileEncoding = 4; lastKnownFileType = sourcecode.swift; path = UIFont.swift; sourceTree = "<group>"; };
		50E15A3827DCD52400471FCF /* UIStoryboard.swift */ = {isa = PBXFileReference; fileEncoding = 4; lastKnownFileType = sourcecode.swift; path = UIStoryboard.swift; sourceTree = "<group>"; };
		50E15A3A27DCD5E700471FCF /* MovieDetailViewModel.swift */ = {isa = PBXFileReference; lastKnownFileType = sourcecode.swift; path = MovieDetailViewModel.swift; sourceTree = "<group>"; };
		50E15A3C27DCD82600471FCF /* StoryboardIdentifiable.swift */ = {isa = PBXFileReference; fileEncoding = 4; lastKnownFileType = sourcecode.swift; path = StoryboardIdentifiable.swift; sourceTree = "<group>"; };
		50E15A3E27DCD8E100471FCF /* MovieDetailRequest.swift */ = {isa = PBXFileReference; lastKnownFileType = sourcecode.swift; path = MovieDetailRequest.swift; sourceTree = "<group>"; };
		50E15A4027DCDA8500471FCF /* SearchVC.swift */ = {isa = PBXFileReference; lastKnownFileType = sourcecode.swift; path = SearchVC.swift; sourceTree = "<group>"; };
		50E15A4227DCDC8200471FCF /* MovieDetail.swift */ = {isa = PBXFileReference; lastKnownFileType = sourcecode.swift; path = MovieDetail.swift; sourceTree = "<group>"; };
		50E15A4427DCE64900471FCF /* SearchViewModel.swift */ = {isa = PBXFileReference; lastKnownFileType = sourcecode.swift; path = SearchViewModel.swift; sourceTree = "<group>"; };
		50E15A4627DE38AB00471FCF /* BaseTableVC.swift */ = {isa = PBXFileReference; lastKnownFileType = sourcecode.swift; path = BaseTableVC.swift; sourceTree = "<group>"; };
		50E15A4827DE47C200471FCF /* Theme.swift */ = {isa = PBXFileReference; fileEncoding = 4; lastKnownFileType = sourcecode.swift; path = Theme.swift; sourceTree = "<group>"; };
		50E15A4A27DE482B00471FCF /* NSObject.swift */ = {isa = PBXFileReference; fileEncoding = 4; lastKnownFileType = sourcecode.swift; path = NSObject.swift; sourceTree = "<group>"; };
		50E15A4C27DE489900471FCF /* UIWindow.swift */ = {isa = PBXFileReference; fileEncoding = 4; lastKnownFileType = sourcecode.swift; path = UIWindow.swift; sourceTree = "<group>"; };
		50E15A4E27DE4B9500471FCF /* UIBarButtonItem.swift */ = {isa = PBXFileReference; lastKnownFileType = sourcecode.swift; path = UIBarButtonItem.swift; sourceTree = "<group>"; };
		50E15A5027DE681600471FCF /* AppearanceProxyManager.swift */ = {isa = PBXFileReference; fileEncoding = 4; lastKnownFileType = sourcecode.swift; path = AppearanceProxyManager.swift; sourceTree = "<group>"; };
		50E15A5227DE69FB00471FCF /* DefaultTheme.swift */ = {isa = PBXFileReference; fileEncoding = 4; lastKnownFileType = sourcecode.swift; path = DefaultTheme.swift; sourceTree = "<group>"; };
		50FDCA6127D916B000977CA7 /* TenTwentyTask.app */ = {isa = PBXFileReference; explicitFileType = wrapper.application; includeInIndex = 0; path = TenTwentyTask.app; sourceTree = BUILT_PRODUCTS_DIR; };
		50FDCA6427D916B000977CA7 /* AppDelegate.swift */ = {isa = PBXFileReference; lastKnownFileType = sourcecode.swift; path = AppDelegate.swift; sourceTree = "<group>"; };
		50FDCA6827D916B000977CA7 /* UpcomingMoviesVC.swift */ = {isa = PBXFileReference; lastKnownFileType = sourcecode.swift; path = UpcomingMoviesVC.swift; sourceTree = "<group>"; };
		50FDCA6E27D916B000977CA7 /* TenTwentyTask.xcdatamodel */ = {isa = PBXFileReference; lastKnownFileType = wrapper.xcdatamodel; path = TenTwentyTask.xcdatamodel; sourceTree = "<group>"; };
		50FDCA7027D916B300977CA7 /* Assets.xcassets */ = {isa = PBXFileReference; lastKnownFileType = folder.assetcatalog; path = Assets.xcassets; sourceTree = "<group>"; };
		50FDCA7327D916B300977CA7 /* Base */ = {isa = PBXFileReference; lastKnownFileType = file.storyboard; name = Base; path = Base.lproj/LaunchScreen.storyboard; sourceTree = "<group>"; };
		50FDCA7527D916B300977CA7 /* Info.plist */ = {isa = PBXFileReference; lastKnownFileType = text.plist.xml; path = Info.plist; sourceTree = "<group>"; };
		50FDCA7A27D916B300977CA7 /* TenTwentyTaskTests.xctest */ = {isa = PBXFileReference; explicitFileType = wrapper.cfbundle; includeInIndex = 0; path = TenTwentyTaskTests.xctest; sourceTree = BUILT_PRODUCTS_DIR; };
		50FDCA7E27D916B300977CA7 /* TenTwentyTaskTests.swift */ = {isa = PBXFileReference; lastKnownFileType = sourcecode.swift; path = TenTwentyTaskTests.swift; sourceTree = "<group>"; };
		50FDCA8427D916B300977CA7 /* TenTwentyTaskUITests.xctest */ = {isa = PBXFileReference; explicitFileType = wrapper.cfbundle; includeInIndex = 0; path = TenTwentyTaskUITests.xctest; sourceTree = BUILT_PRODUCTS_DIR; };
		50FDCA8827D916B300977CA7 /* TenTwentyTaskUITests.swift */ = {isa = PBXFileReference; lastKnownFileType = sourcecode.swift; path = TenTwentyTaskUITests.swift; sourceTree = "<group>"; };
		50FDCA8A27D916B300977CA7 /* TenTwentyTaskUITestsLaunchTests.swift */ = {isa = PBXFileReference; lastKnownFileType = sourcecode.swift; path = TenTwentyTaskUITestsLaunchTests.swift; sourceTree = "<group>"; };
		540706D1464C8901E8EE50C7 /* Pods-TenTwentyTaskTests.debug.xcconfig */ = {isa = PBXFileReference; includeInIndex = 1; lastKnownFileType = text.xcconfig; name = "Pods-TenTwentyTaskTests.debug.xcconfig"; path = "Target Support Files/Pods-TenTwentyTaskTests/Pods-TenTwentyTaskTests.debug.xcconfig"; sourceTree = "<group>"; };
		69176A954634F1EB527670D1 /* Pods_TenTwentyTask.framework */ = {isa = PBXFileReference; explicitFileType = wrapper.framework; includeInIndex = 0; path = Pods_TenTwentyTask.framework; sourceTree = BUILT_PRODUCTS_DIR; };
		70B4B9E300EB7ECDF761C3C8 /* Pods_TenTwentyTaskTests.framework */ = {isa = PBXFileReference; explicitFileType = wrapper.framework; includeInIndex = 0; path = Pods_TenTwentyTaskTests.framework; sourceTree = BUILT_PRODUCTS_DIR; };
		95F02991372933CBC726E0BA /* Pods-TenTwentyTaskTests.release.xcconfig */ = {isa = PBXFileReference; includeInIndex = 1; lastKnownFileType = text.xcconfig; name = "Pods-TenTwentyTaskTests.release.xcconfig"; path = "Target Support Files/Pods-TenTwentyTaskTests/Pods-TenTwentyTaskTests.release.xcconfig"; sourceTree = "<group>"; };
		ADB2B53D80C672E456538A89 /* Pods-TenTwentyTask.debug.xcconfig */ = {isa = PBXFileReference; includeInIndex = 1; lastKnownFileType = text.xcconfig; name = "Pods-TenTwentyTask.debug.xcconfig"; path = "Target Support Files/Pods-TenTwentyTask/Pods-TenTwentyTask.debug.xcconfig"; sourceTree = "<group>"; };
		B3AF174F5F5628F63D46A2B9 /* Pods-TenTwentyTask.release.xcconfig */ = {isa = PBXFileReference; includeInIndex = 1; lastKnownFileType = text.xcconfig; name = "Pods-TenTwentyTask.release.xcconfig"; path = "Target Support Files/Pods-TenTwentyTask/Pods-TenTwentyTask.release.xcconfig"; sourceTree = "<group>"; };
		F5A0038E8F2EC0098EDDB763 /* Pods_TenTwentyTask_TenTwentyTaskUITests.framework */ = {isa = PBXFileReference; explicitFileType = wrapper.framework; includeInIndex = 0; path = Pods_TenTwentyTask_TenTwentyTaskUITests.framework; sourceTree = BUILT_PRODUCTS_DIR; };
		F9DD87C6BD344E5E73D3C525 /* Pods-TenTwentyTask-TenTwentyTaskUITests.release.xcconfig */ = {isa = PBXFileReference; includeInIndex = 1; lastKnownFileType = text.xcconfig; name = "Pods-TenTwentyTask-TenTwentyTaskUITests.release.xcconfig"; path = "Target Support Files/Pods-TenTwentyTask-TenTwentyTaskUITests/Pods-TenTwentyTask-TenTwentyTaskUITests.release.xcconfig"; sourceTree = "<group>"; };
/* End PBXFileReference section */

/* Begin PBXFrameworksBuildPhase section */
		50FDCA5E27D916B000977CA7 /* Frameworks */ = {
			isa = PBXFrameworksBuildPhase;
			buildActionMask = 2147483647;
			files = (
				6C4ABE67BA87AC4F472B31C1 /* Pods_TenTwentyTask.framework in Frameworks */,
			);
			runOnlyForDeploymentPostprocessing = 0;
		};
		50FDCA7727D916B300977CA7 /* Frameworks */ = {
			isa = PBXFrameworksBuildPhase;
			buildActionMask = 2147483647;
			files = (
				F24830A7102458180BD71448 /* Pods_TenTwentyTaskTests.framework in Frameworks */,
			);
			runOnlyForDeploymentPostprocessing = 0;
		};
		50FDCA8127D916B300977CA7 /* Frameworks */ = {
			isa = PBXFrameworksBuildPhase;
			buildActionMask = 2147483647;
			files = (
				A90F96588A6EA846B2601C04 /* Pods_TenTwentyTask_TenTwentyTaskUITests.framework in Frameworks */,
			);
			runOnlyForDeploymentPostprocessing = 0;
		};
/* End PBXFrameworksBuildPhase section */

/* Begin PBXGroup section */
		2610639B8AF425059B1F18F6 /* Frameworks */ = {
			isa = PBXGroup;
			children = (
				69176A954634F1EB527670D1 /* Pods_TenTwentyTask.framework */,
				F5A0038E8F2EC0098EDDB763 /* Pods_TenTwentyTask_TenTwentyTaskUITests.framework */,
				70B4B9E300EB7ECDF761C3C8 /* Pods_TenTwentyTaskTests.framework */,
			);
			name = Frameworks;
			sourceTree = "<group>";
		};
		5006D51E27D91D0C0078D6DE /* Networking */ = {
			isa = PBXGroup;
			children = (
				5006D52227D91D0C0078D6DE /* API.swift */,
				5006D51F27D91D0C0078D6DE /* Request */,
				5006D52327D91D0C0078D6DE /* Base */,
			);
			path = Networking;
			sourceTree = "<group>";
		};
		5006D51F27D91D0C0078D6DE /* Request */ = {
			isa = PBXGroup;
			children = (
				50E159BB27DCBE4A00471FCF /* MovieRequest.swift */,
				50E15A3E27DCD8E100471FCF /* MovieDetailRequest.swift */,
			);
			path = Request;
			sourceTree = "<group>";
		};
		5006D52327D91D0C0078D6DE /* Base */ = {
			isa = PBXGroup;
			children = (
				5006D52427D91D0C0078D6DE /* JSONEncoder.swift */,
				5006D52527D91D0C0078D6DE /* APIClient.swift */,
				5006D52627D91D0C0078D6DE /* DefaultError.swift */,
				5006D52727D91D0C0078D6DE /* BaseNetwork.swift */,
			);
			path = Base;
			sourceTree = "<group>";
		};
		5006D52827D91D0C0078D6DE /* Protocols */ = {
			isa = PBXGroup;
			children = (
				50E15A3C27DCD82600471FCF /* StoryboardIdentifiable.swift */,
				50E15A3227DCC53600471FCF /* CountProvidable.swift */,
				5006D52927D91D0C0078D6DE /* ReusableIdentifier.swift */,
			);
			path = Protocols;
			sourceTree = "<group>";
		};
		5006D52B27D91D0C0078D6DE /* ViewModel */ = {
			isa = PBXGroup;
			children = (
				50E15A3A27DCD5E700471FCF /* MovieDetailViewModel.swift */,
				5006D52D27D91D0C0078D6DE /* MovieListViewModel.swift */,
				50E15A4427DCE64900471FCF /* SearchViewModel.swift */,
				509BCA4527DF2FC200C3ACDB /* BookingViewModel.swift */,
				509BCA4D27DF890000C3ACDB /* TrailerPlaybackViewModel.swift */,
			);
			path = ViewModel;
			sourceTree = "<group>";
		};
		5006D52E27D91D0D0078D6DE /* Views */ = {
			isa = PBXGroup;
			children = (
				5006D52F27D91D0D0078D6DE /* UIView */,
				5006D53427D91D0D0078D6DE /* UIStoryboard */,
			);
			path = Views;
			sourceTree = "<group>";
		};
		5006D52F27D91D0D0078D6DE /* UIView */ = {
			isa = PBXGroup;
			children = (
				509BCA3F27DF294300C3ACDB /* UICollectionViewCell */,
				5006D53027D91D0D0078D6DE /* UITableViewCell */,
			);
			path = UIView;
			sourceTree = "<group>";
		};
		5006D53027D91D0D0078D6DE /* UITableViewCell */ = {
			isa = PBXGroup;
			children = (
				509BCA3427DF28BE00C3ACDB /* MoviesCell */,
			);
			path = UITableViewCell;
			sourceTree = "<group>";
		};
		5006D53427D91D0D0078D6DE /* UIStoryboard */ = {
			isa = PBXGroup;
			children = (
				5006D53527D91D0D0078D6DE /* Main.storyboard */,
			);
			path = UIStoryboard;
			sourceTree = "<group>";
		};
		5006D53727D91D0D0078D6DE /* Extensions */ = {
			isa = PBXGroup;
			children = (
				5006D53827D91D0D0078D6DE /* UIKit */,
				5006D53C27D91D0D0078D6DE /* Foundation */,
				5006D53F27D91D0D0078D6DE /* Swift */,
			);
			path = Extensions;
			sourceTree = "<group>";
		};
		5006D53827D91D0D0078D6DE /* UIKit */ = {
			isa = PBXGroup;
			children = (
				50E15A4C27DE489900471FCF /* UIWindow.swift */,
				5006D53927D91D0D0078D6DE /* UITableView.swift */,
				50E15A3627DCC6C600471FCF /* UIFont.swift */,
				50E15A3827DCD52400471FCF /* UIStoryboard.swift */,
				509BCA3227DF276100C3ACDB /* UICollectionViewCell.swift */,
				508A502F27DCAE5B0053CFF9 /* UIColor.swift */,
				5006D53A27D91D0D0078D6DE /* UIViewController.swift */,
				5006D53B27D91D0D0078D6DE /* UIAlertController.swift */,
				50E15A4E27DE4B9500471FCF /* UIBarButtonItem.swift */,
			);
			path = UIKit;
			sourceTree = "<group>";
		};
		5006D53C27D91D0D0078D6DE /* Foundation */ = {
			isa = PBXGroup;
			children = (
				50E15A4A27DE482B00471FCF /* NSObject.swift */,
				509BCA4727DF36A000C3ACDB /* String.swift */,
				50E15A3427DCC57800471FCF /* Float.swift */,
				5006D53D27D91D0D0078D6DE /* Date.swift */,
				5006D53E27D91D0D0078D6DE /* Formatter.swift */,
			);
			path = Foundation;
			sourceTree = "<group>";
		};
		5006D53F27D91D0D0078D6DE /* Swift */ = {
			isa = PBXGroup;
			children = (
				5006D54027D91D0D0078D6DE /* Optional.swift */,
			);
			path = Swift;
			sourceTree = "<group>";
		};
		5006D54127D91D0D0078D6DE /* Shared */ = {
			isa = PBXGroup;
			children = (
				50E15A4827DE47C200471FCF /* Theme.swift */,
				50E15A5027DE681600471FCF /* AppearanceProxyManager.swift */,
				5006D54227D91D0D0078D6DE /* Constants.swift */,
				50E15A5227DE69FB00471FCF /* DefaultTheme.swift */,
				5006D55D27D91F9C0078D6DE /* Router.swift */,
				5006D54327D91D0D0078D6DE /* ImageProvider.swift */,
				5006D54427D91D0D0078D6DE /* SharedLogger.swift */,
				509BCA4927DF705E00C3ACDB /* Language.swift */,
				509BCA5327DFB6AE00C3ACDB /* vikings.mp4 */,
				509BCA5127DF8F4600C3ACDB /* TrailerHelper.swift */,
			);
			path = Shared;
			sourceTree = "<group>";
		};
		508A502027DBBF5B0053CFF9 /* Controllers */ = {
			isa = PBXGroup;
			children = (
				508A502227DCAA2E0053CFF9 /* Base */,
				50FDCA6827D916B000977CA7 /* UpcomingMoviesVC.swift */,
				508A502A27DCABBD0053CFF9 /* MovieDetailVC.swift */,
				50E15A4027DCDA8500471FCF /* SearchVC.swift */,
				509BCA2E27DF1E8D00C3ACDB /* BookingVC.swift */,
				509BCA4B27DF882A00C3ACDB /* TrailerPlaybackVC.swift */,
			);
			path = Controllers;
			sourceTree = "<group>";
		};
		508A502227DCAA2E0053CFF9 /* Base */ = {
			isa = PBXGroup;
			children = (
				508A502327DCAA3E0053CFF9 /* BaseVC.swift */,
				50E15A4627DE38AB00471FCF /* BaseTableVC.swift */,
			);
			path = Base;
			sourceTree = "<group>";
		};
		508A502C27DCAD3F0053CFF9 /* Model */ = {
			isa = PBXGroup;
			children = (
				50E159B927DCBE2F00471FCF /* ErrorHandler.swift */,
				508A502D27DCAD470053CFF9 /* Movies.swift */,
				50E15A4227DCDC8200471FCF /* MovieDetail.swift */,
				509BCA3027DF1F1000C3ACDB /* Seating.swift */,
				509BCA4F27DF8CDA00C3ACDB /* PlaybackVideoModel.swift */,
			);
			path = Model;
			sourceTree = "<group>";
		};
		509BCA3427DF28BE00C3ACDB /* MoviesCell */ = {
			isa = PBXGroup;
			children = (
				508A502527DCAA890053CFF9 /* MoviesCell.swift */,
				508A502627DCAA890053CFF9 /* MoviesCell.xib */,
			);
			path = MoviesCell;
			sourceTree = "<group>";
		};
		509BCA3A27DF290B00C3ACDB /* BookingTextCell */ = {
			isa = PBXGroup;
			children = (
				509BCA3B27DF293A00C3ACDB /* BookingTextCell.swift */,
				509BCA3C27DF293A00C3ACDB /* BookingTextCell.xib */,
			);
			path = BookingTextCell;
			sourceTree = "<group>";
		};
		509BCA3F27DF294300C3ACDB /* UICollectionViewCell */ = {
			isa = PBXGroup;
			children = (
				509BCA4027DF2AE200C3ACDB /* BookingImageCell */,
				509BCA3A27DF290B00C3ACDB /* BookingTextCell */,
			);
			path = UICollectionViewCell;
			sourceTree = "<group>";
		};
		509BCA4027DF2AE200C3ACDB /* BookingImageCell */ = {
			isa = PBXGroup;
			children = (
				509BCA4127DF2AFC00C3ACDB /* BookingImageCell.swift */,
				509BCA4227DF2AFD00C3ACDB /* BookingImageCell.xib */,
			);
			path = BookingImageCell;
			sourceTree = "<group>";
		};
		50E159BD27DCBF9400471FCF /* CoreData */ = {
			isa = PBXGroup;
			children = (
				50E159BE27DCBF9400471FCF /* CoreDataStack.swift */,
				50FDCA6D27D916B000977CA7 /* TenTwentyTask.xcdatamodeld */,
				50E159C127DCBF9400471FCF /* Extension+NSManagedObject.swift */,
				50E159C227DCBF9400471FCF /* CoreDataProperties.swift */,
				50E159C327DCBF9400471FCF /* CoreDataClasses */,
				50E159F827DCBF9400471FCF /* Extension+NSManagedObjectContext.swift */,
			);
			path = CoreData;
			sourceTree = "<group>";
		};
		50E159C327DCBF9400471FCF /* CoreDataClasses */ = {
			isa = PBXGroup;
			children = (
			);
			path = CoreDataClasses;
			sourceTree = "<group>";
		};
		50FDCA5827D916B000977CA7 = {
			isa = PBXGroup;
			children = (
				50FDCA6327D916B000977CA7 /* TenTwentyTask */,
				50FDCA7D27D916B300977CA7 /* TenTwentyTaskTests */,
				50FDCA8727D916B300977CA7 /* TenTwentyTaskUITests */,
				50FDCA6227D916B000977CA7 /* Products */,
				77973BCDF415CEC4AA8EC3DE /* Pods */,
				2610639B8AF425059B1F18F6 /* Frameworks */,
			);
			sourceTree = "<group>";
		};
		50FDCA6227D916B000977CA7 /* Products */ = {
			isa = PBXGroup;
			children = (
				50FDCA6127D916B000977CA7 /* TenTwentyTask.app */,
				50FDCA7A27D916B300977CA7 /* TenTwentyTaskTests.xctest */,
				50FDCA8427D916B300977CA7 /* TenTwentyTaskUITests.xctest */,
			);
			name = Products;
			sourceTree = "<group>";
		};
		50FDCA6327D916B000977CA7 /* TenTwentyTask */ = {
			isa = PBXGroup;
			children = (
				5006D51E27D91D0C0078D6DE /* Networking */,
				5006D52827D91D0C0078D6DE /* Protocols */,
				5006D53727D91D0D0078D6DE /* Extensions */,
				5006D54127D91D0D0078D6DE /* Shared */,
				50E159BD27DCBF9400471FCF /* CoreData */,
				508A502C27DCAD3F0053CFF9 /* Model */,
				5006D52B27D91D0C0078D6DE /* ViewModel */,
				5006D52E27D91D0D0078D6DE /* Views */,
				508A502027DBBF5B0053CFF9 /* Controllers */,
				50FDCA6427D916B000977CA7 /* AppDelegate.swift */,
				50FDCA7027D916B300977CA7 /* Assets.xcassets */,
				50FDCA7227D916B300977CA7 /* LaunchScreen.storyboard */,
				50FDCA7527D916B300977CA7 /* Info.plist */,
			);
			path = TenTwentyTask;
			sourceTree = "<group>";
		};
		50FDCA7D27D916B300977CA7 /* TenTwentyTaskTests */ = {
			isa = PBXGroup;
			children = (
				50FDCA7E27D916B300977CA7 /* TenTwentyTaskTests.swift */,
			);
			path = TenTwentyTaskTests;
			sourceTree = "<group>";
		};
		50FDCA8727D916B300977CA7 /* TenTwentyTaskUITests */ = {
			isa = PBXGroup;
			children = (
				50FDCA8827D916B300977CA7 /* TenTwentyTaskUITests.swift */,
				50FDCA8A27D916B300977CA7 /* TenTwentyTaskUITestsLaunchTests.swift */,
			);
			path = TenTwentyTaskUITests;
			sourceTree = "<group>";
		};
		77973BCDF415CEC4AA8EC3DE /* Pods */ = {
			isa = PBXGroup;
			children = (
				ADB2B53D80C672E456538A89 /* Pods-TenTwentyTask.debug.xcconfig */,
				B3AF174F5F5628F63D46A2B9 /* Pods-TenTwentyTask.release.xcconfig */,
				47F135FD33A62CF9952B8458 /* Pods-TenTwentyTask-TenTwentyTaskUITests.debug.xcconfig */,
				F9DD87C6BD344E5E73D3C525 /* Pods-TenTwentyTask-TenTwentyTaskUITests.release.xcconfig */,
				540706D1464C8901E8EE50C7 /* Pods-TenTwentyTaskTests.debug.xcconfig */,
				95F02991372933CBC726E0BA /* Pods-TenTwentyTaskTests.release.xcconfig */,
			);
			path = Pods;
			sourceTree = "<group>";
		};
/* End PBXGroup section */

/* Begin PBXNativeTarget section */
		50FDCA6027D916B000977CA7 /* TenTwentyTask */ = {
			isa = PBXNativeTarget;
			buildConfigurationList = 50FDCA8E27D916B300977CA7 /* Build configuration list for PBXNativeTarget "TenTwentyTask" */;
			buildPhases = (
				F9CE439135DD90821809ADE8 /* [CP] Check Pods Manifest.lock */,
				50FDCA5D27D916B000977CA7 /* Sources */,
				50FDCA5E27D916B000977CA7 /* Frameworks */,
				50FDCA5F27D916B000977CA7 /* Resources */,
				A9453B05DBFFD5191380D83E /* [CP] Embed Pods Frameworks */,
			);
			buildRules = (
			);
			dependencies = (
			);
			name = TenTwentyTask;
			productName = TenTwentyTask;
			productReference = 50FDCA6127D916B000977CA7 /* TenTwentyTask.app */;
			productType = "com.apple.product-type.application";
		};
		50FDCA7927D916B300977CA7 /* TenTwentyTaskTests */ = {
			isa = PBXNativeTarget;
			buildConfigurationList = 50FDCA9127D916B300977CA7 /* Build configuration list for PBXNativeTarget "TenTwentyTaskTests" */;
			buildPhases = (
				9006CEFDFB730F5EE7A77644 /* [CP] Check Pods Manifest.lock */,
				50FDCA7627D916B300977CA7 /* Sources */,
				50FDCA7727D916B300977CA7 /* Frameworks */,
				50FDCA7827D916B300977CA7 /* Resources */,
			);
			buildRules = (
			);
			dependencies = (
				50FDCA7C27D916B300977CA7 /* PBXTargetDependency */,
			);
			name = TenTwentyTaskTests;
			productName = TenTwentyTaskTests;
			productReference = 50FDCA7A27D916B300977CA7 /* TenTwentyTaskTests.xctest */;
			productType = "com.apple.product-type.bundle.unit-test";
		};
		50FDCA8327D916B300977CA7 /* TenTwentyTaskUITests */ = {
			isa = PBXNativeTarget;
			buildConfigurationList = 50FDCA9427D916B300977CA7 /* Build configuration list for PBXNativeTarget "TenTwentyTaskUITests" */;
			buildPhases = (
				251AE29D45C5B9EFE08EBAF5 /* [CP] Check Pods Manifest.lock */,
				50FDCA8027D916B300977CA7 /* Sources */,
				50FDCA8127D916B300977CA7 /* Frameworks */,
				50FDCA8227D916B300977CA7 /* Resources */,
				4000C5F27510A2E0C1DC32E9 /* [CP] Embed Pods Frameworks */,
			);
			buildRules = (
			);
			dependencies = (
				50FDCA8627D916B300977CA7 /* PBXTargetDependency */,
			);
			name = TenTwentyTaskUITests;
			productName = TenTwentyTaskUITests;
			productReference = 50FDCA8427D916B300977CA7 /* TenTwentyTaskUITests.xctest */;
			productType = "com.apple.product-type.bundle.ui-testing";
		};
/* End PBXNativeTarget section */

/* Begin PBXProject section */
		50FDCA5927D916B000977CA7 /* Project object */ = {
			isa = PBXProject;
			attributes = {
				BuildIndependentTargetsInParallel = 1;
				LastSwiftUpdateCheck = 1310;
				LastUpgradeCheck = 1310;
				TargetAttributes = {
					50FDCA6027D916B000977CA7 = {
						CreatedOnToolsVersion = 13.1;
					};
					50FDCA7927D916B300977CA7 = {
						CreatedOnToolsVersion = 13.1;
						TestTargetID = 50FDCA6027D916B000977CA7;
					};
					50FDCA8327D916B300977CA7 = {
						CreatedOnToolsVersion = 13.1;
						TestTargetID = 50FDCA6027D916B000977CA7;
					};
				};
			};
			buildConfigurationList = 50FDCA5C27D916B000977CA7 /* Build configuration list for PBXProject "TenTwentyTask" */;
			compatibilityVersion = "Xcode 13.0";
			developmentRegion = en;
			hasScannedForEncodings = 0;
			knownRegions = (
				en,
				Base,
			);
			mainGroup = 50FDCA5827D916B000977CA7;
			productRefGroup = 50FDCA6227D916B000977CA7 /* Products */;
			projectDirPath = "";
			projectRoot = "";
			targets = (
				50FDCA6027D916B000977CA7 /* TenTwentyTask */,
				50FDCA7927D916B300977CA7 /* TenTwentyTaskTests */,
				50FDCA8327D916B300977CA7 /* TenTwentyTaskUITests */,
			);
		};
/* End PBXProject section */

/* Begin PBXResourcesBuildPhase section */
		50FDCA5F27D916B000977CA7 /* Resources */ = {
			isa = PBXResourcesBuildPhase;
			buildActionMask = 2147483647;
			files = (
				5006D55127D91D0D0078D6DE /* Main.storyboard in Resources */,
				509BCA3E27DF293A00C3ACDB /* BookingTextCell.xib in Resources */,
				50FDCA7427D916B300977CA7 /* LaunchScreen.storyboard in Resources */,
				509BCA5427DFB6AE00C3ACDB /* vikings.mp4 in Resources */,
				509BCA4427DF2AFD00C3ACDB /* BookingImageCell.xib in Resources */,
				508A502827DCAA890053CFF9 /* MoviesCell.xib in Resources */,
				50FDCA7127D916B300977CA7 /* Assets.xcassets in Resources */,
			);
			runOnlyForDeploymentPostprocessing = 0;
		};
		50FDCA7827D916B300977CA7 /* Resources */ = {
			isa = PBXResourcesBuildPhase;
			buildActionMask = 2147483647;
			files = (
			);
			runOnlyForDeploymentPostprocessing = 0;
		};
		50FDCA8227D916B300977CA7 /* Resources */ = {
			isa = PBXResourcesBuildPhase;
			buildActionMask = 2147483647;
			files = (
			);
			runOnlyForDeploymentPostprocessing = 0;
		};
/* End PBXResourcesBuildPhase section */

/* Begin PBXShellScriptBuildPhase section */
		251AE29D45C5B9EFE08EBAF5 /* [CP] Check Pods Manifest.lock */ = {
			isa = PBXShellScriptBuildPhase;
			buildActionMask = 2147483647;
			files = (
			);
			inputFileListPaths = (
			);
			inputPaths = (
				"${PODS_PODFILE_DIR_PATH}/Podfile.lock",
				"${PODS_ROOT}/Manifest.lock",
			);
			name = "[CP] Check Pods Manifest.lock";
			outputFileListPaths = (
			);
			outputPaths = (
				"$(DERIVED_FILE_DIR)/Pods-TenTwentyTask-TenTwentyTaskUITests-checkManifestLockResult.txt",
			);
			runOnlyForDeploymentPostprocessing = 0;
			shellPath = /bin/sh;
			shellScript = "diff \"${PODS_PODFILE_DIR_PATH}/Podfile.lock\" \"${PODS_ROOT}/Manifest.lock\" > /dev/null\nif [ $? != 0 ] ; then\n    # print error to STDERR\n    echo \"error: The sandbox is not in sync with the Podfile.lock. Run 'pod install' or update your CocoaPods installation.\" >&2\n    exit 1\nfi\n# This output is used by Xcode 'outputs' to avoid re-running this script phase.\necho \"SUCCESS\" > \"${SCRIPT_OUTPUT_FILE_0}\"\n";
			showEnvVarsInLog = 0;
		};
		4000C5F27510A2E0C1DC32E9 /* [CP] Embed Pods Frameworks */ = {
			isa = PBXShellScriptBuildPhase;
			buildActionMask = 2147483647;
			files = (
			);
			inputFileListPaths = (
				"${PODS_ROOT}/Target Support Files/Pods-TenTwentyTask-TenTwentyTaskUITests/Pods-TenTwentyTask-TenTwentyTaskUITests-frameworks-${CONFIGURATION}-input-files.xcfilelist",
			);
			name = "[CP] Embed Pods Frameworks";
			outputFileListPaths = (
				"${PODS_ROOT}/Target Support Files/Pods-TenTwentyTask-TenTwentyTaskUITests/Pods-TenTwentyTask-TenTwentyTaskUITests-frameworks-${CONFIGURATION}-output-files.xcfilelist",
			);
			runOnlyForDeploymentPostprocessing = 0;
			shellPath = /bin/sh;
			shellScript = "\"${PODS_ROOT}/Target Support Files/Pods-TenTwentyTask-TenTwentyTaskUITests/Pods-TenTwentyTask-TenTwentyTaskUITests-frameworks.sh\"\n";
			showEnvVarsInLog = 0;
		};
		9006CEFDFB730F5EE7A77644 /* [CP] Check Pods Manifest.lock */ = {
			isa = PBXShellScriptBuildPhase;
			buildActionMask = 2147483647;
			files = (
			);
			inputFileListPaths = (
			);
			inputPaths = (
				"${PODS_PODFILE_DIR_PATH}/Podfile.lock",
				"${PODS_ROOT}/Manifest.lock",
			);
			name = "[CP] Check Pods Manifest.lock";
			outputFileListPaths = (
			);
			outputPaths = (
				"$(DERIVED_FILE_DIR)/Pods-TenTwentyTaskTests-checkManifestLockResult.txt",
			);
			runOnlyForDeploymentPostprocessing = 0;
			shellPath = /bin/sh;
			shellScript = "diff \"${PODS_PODFILE_DIR_PATH}/Podfile.lock\" \"${PODS_ROOT}/Manifest.lock\" > /dev/null\nif [ $? != 0 ] ; then\n    # print error to STDERR\n    echo \"error: The sandbox is not in sync with the Podfile.lock. Run 'pod install' or update your CocoaPods installation.\" >&2\n    exit 1\nfi\n# This output is used by Xcode 'outputs' to avoid re-running this script phase.\necho \"SUCCESS\" > \"${SCRIPT_OUTPUT_FILE_0}\"\n";
			showEnvVarsInLog = 0;
		};
		A9453B05DBFFD5191380D83E /* [CP] Embed Pods Frameworks */ = {
			isa = PBXShellScriptBuildPhase;
			buildActionMask = 2147483647;
			files = (
			);
			inputFileListPaths = (
				"${PODS_ROOT}/Target Support Files/Pods-TenTwentyTask/Pods-TenTwentyTask-frameworks-${CONFIGURATION}-input-files.xcfilelist",
			);
			name = "[CP] Embed Pods Frameworks";
			outputFileListPaths = (
				"${PODS_ROOT}/Target Support Files/Pods-TenTwentyTask/Pods-TenTwentyTask-frameworks-${CONFIGURATION}-output-files.xcfilelist",
			);
			runOnlyForDeploymentPostprocessing = 0;
			shellPath = /bin/sh;
			shellScript = "\"${PODS_ROOT}/Target Support Files/Pods-TenTwentyTask/Pods-TenTwentyTask-frameworks.sh\"\n";
			showEnvVarsInLog = 0;
		};
		F9CE439135DD90821809ADE8 /* [CP] Check Pods Manifest.lock */ = {
			isa = PBXShellScriptBuildPhase;
			buildActionMask = 2147483647;
			files = (
			);
			inputFileListPaths = (
			);
			inputPaths = (
				"${PODS_PODFILE_DIR_PATH}/Podfile.lock",
				"${PODS_ROOT}/Manifest.lock",
			);
			name = "[CP] Check Pods Manifest.lock";
			outputFileListPaths = (
			);
			outputPaths = (
				"$(DERIVED_FILE_DIR)/Pods-TenTwentyTask-checkManifestLockResult.txt",
			);
			runOnlyForDeploymentPostprocessing = 0;
			shellPath = /bin/sh;
			shellScript = "diff \"${PODS_PODFILE_DIR_PATH}/Podfile.lock\" \"${PODS_ROOT}/Manifest.lock\" > /dev/null\nif [ $? != 0 ] ; then\n    # print error to STDERR\n    echo \"error: The sandbox is not in sync with the Podfile.lock. Run 'pod install' or update your CocoaPods installation.\" >&2\n    exit 1\nfi\n# This output is used by Xcode 'outputs' to avoid re-running this script phase.\necho \"SUCCESS\" > \"${SCRIPT_OUTPUT_FILE_0}\"\n";
			showEnvVarsInLog = 0;
		};
/* End PBXShellScriptBuildPhase section */

/* Begin PBXSourcesBuildPhase section */
		50FDCA5D27D916B000977CA7 /* Sources */ = {
			isa = PBXSourcesBuildPhase;
			buildActionMask = 2147483647;
			files = (
				50E15A4F27DE4B9500471FCF /* UIBarButtonItem.swift in Sources */,
				509BCA5027DF8CDA00C3ACDB /* PlaybackVideoModel.swift in Sources */,
				5006D55E27D91F9C0078D6DE /* Router.swift in Sources */,
				50E15A4B27DE482B00471FCF /* NSObject.swift in Sources */,
				50E15A3327DCC53600471FCF /* CountProvidable.swift in Sources */,
				508A502427DCAA3E0053CFF9 /* BaseVC.swift in Sources */,
				509BCA4327DF2AFD00C3ACDB /* BookingImageCell.swift in Sources */,
				50E159BC27DCBE4A00471FCF /* MovieRequest.swift in Sources */,
				50E15A5127DE681700471FCF /* AppearanceProxyManager.swift in Sources */,
				509BCA2F27DF1E8D00C3ACDB /* BookingVC.swift in Sources */,
				5006D55627D91D0D0078D6DE /* Formatter.swift in Sources */,
				5006D54E27D91D0D0078D6DE /* MovieListViewModel.swift in Sources */,
				50E15A3927DCD52400471FCF /* UIStoryboard.swift in Sources */,
				509BCA4827DF36A000C3ACDB /* String.swift in Sources */,
				50E15A4327DCDC8200471FCF /* MovieDetail.swift in Sources */,
				50E15A3127DCBF9400471FCF /* Extension+NSManagedObjectContext.swift in Sources */,
				50E15A3B27DCD5E700471FCF /* MovieDetailViewModel.swift in Sources */,
				5006D55227D91D0D0078D6DE /* UITableView.swift in Sources */,
				509BCA4627DF2FC200C3ACDB /* BookingViewModel.swift in Sources */,
				50E15A4527DCE64900471FCF /* SearchViewModel.swift in Sources */,
				50E159BA27DCBE2F00471FCF /* ErrorHandler.swift in Sources */,
				50E15A3F27DCD8E100471FCF /* MovieDetailRequest.swift in Sources */,
				50E159F927DCBF9400471FCF /* CoreDataStack.swift in Sources */,
				50FDCA6927D916B000977CA7 /* UpcomingMoviesVC.swift in Sources */,
				509BCA3327DF276100C3ACDB /* UICollectionViewCell.swift in Sources */,
				50E15A3527DCC57800471FCF /* Float.swift in Sources */,
				50E15A3727DCC6C600471FCF /* UIFont.swift in Sources */,
				50E15A5327DE69FB00471FCF /* DefaultTheme.swift in Sources */,
				509BCA4C27DF882A00C3ACDB /* TrailerPlaybackVC.swift in Sources */,
				509BCA3127DF1F1000C3ACDB /* Seating.swift in Sources */,
				5006D54827D91D0D0078D6DE /* JSONEncoder.swift in Sources */,
				508A502727DCAA890053CFF9 /* MoviesCell.swift in Sources */,
				5006D55A27D91D0D0078D6DE /* SharedLogger.swift in Sources */,
				509BCA5227DF8F4600C3ACDB /* TrailerHelper.swift in Sources */,
				508A503027DCAE5B0053CFF9 /* UIColor.swift in Sources */,
				5006D54927D91D0D0078D6DE /* APIClient.swift in Sources */,
				508A502B27DCABBD0053CFF9 /* MovieDetailVC.swift in Sources */,
				5006D55527D91D0D0078D6DE /* Date.swift in Sources */,
				5006D54A27D91D0D0078D6DE /* DefaultError.swift in Sources */,
				50E15A4D27DE489900471FCF /* UIWindow.swift in Sources */,
				509BCA3D27DF293A00C3ACDB /* BookingTextCell.swift in Sources */,
				50FDCA6527D916B000977CA7 /* AppDelegate.swift in Sources */,
				5006D55827D91D0D0078D6DE /* Constants.swift in Sources */,
				50E15A4727DE38AB00471FCF /* BaseTableVC.swift in Sources */,
				5006D55927D91D0D0078D6DE /* ImageProvider.swift in Sources */,
				50E15A4927DE47C200471FCF /* Theme.swift in Sources */,
				5006D55727D91D0D0078D6DE /* Optional.swift in Sources */,
				5006D54C27D91D0D0078D6DE /* ReusableIdentifier.swift in Sources */,
				509BCA4A27DF705E00C3ACDB /* Language.swift in Sources */,
				50E15A3D27DCD82600471FCF /* StoryboardIdentifiable.swift in Sources */,
				50E159FC27DCBF9400471FCF /* CoreDataProperties.swift in Sources */,
				5006D54727D91D0D0078D6DE /* API.swift in Sources */,
				50E159FB27DCBF9400471FCF /* Extension+NSManagedObject.swift in Sources */,
				508A502E27DCAD470053CFF9 /* Movies.swift in Sources */,
				50FDCA6F27D916B000977CA7 /* TenTwentyTask.xcdatamodeld in Sources */,
				5006D55327D91D0D0078D6DE /* UIViewController.swift in Sources */,
				50E15A4127DCDA8500471FCF /* SearchVC.swift in Sources */,
				5006D54B27D91D0D0078D6DE /* BaseNetwork.swift in Sources */,
				509BCA4E27DF890000C3ACDB /* TrailerPlaybackViewModel.swift in Sources */,
				5006D55427D91D0D0078D6DE /* UIAlertController.swift in Sources */,
			);
			runOnlyForDeploymentPostprocessing = 0;
		};
		50FDCA7627D916B300977CA7 /* Sources */ = {
			isa = PBXSourcesBuildPhase;
			buildActionMask = 2147483647;
			files = (
				50FDCA7F27D916B300977CA7 /* TenTwentyTaskTests.swift in Sources */,
			);
			runOnlyForDeploymentPostprocessing = 0;
		};
		50FDCA8027D916B300977CA7 /* Sources */ = {
			isa = PBXSourcesBuildPhase;
			buildActionMask = 2147483647;
			files = (
				50FDCA8B27D916B300977CA7 /* TenTwentyTaskUITestsLaunchTests.swift in Sources */,
				50FDCA8927D916B300977CA7 /* TenTwentyTaskUITests.swift in Sources */,
			);
			runOnlyForDeploymentPostprocessing = 0;
		};
/* End PBXSourcesBuildPhase section */

/* Begin PBXTargetDependency section */
		50FDCA7C27D916B300977CA7 /* PBXTargetDependency */ = {
			isa = PBXTargetDependency;
			target = 50FDCA6027D916B000977CA7 /* TenTwentyTask */;
			targetProxy = 50FDCA7B27D916B300977CA7 /* PBXContainerItemProxy */;
		};
		50FDCA8627D916B300977CA7 /* PBXTargetDependency */ = {
			isa = PBXTargetDependency;
			target = 50FDCA6027D916B000977CA7 /* TenTwentyTask */;
			targetProxy = 50FDCA8527D916B300977CA7 /* PBXContainerItemProxy */;
		};
/* End PBXTargetDependency section */

/* Begin PBXVariantGroup section */
		5006D53527D91D0D0078D6DE /* Main.storyboard */ = {
			isa = PBXVariantGroup;
			children = (
				5006D53627D91D0D0078D6DE /* Base */,
			);
			name = Main.storyboard;
			sourceTree = "<group>";
		};
		50FDCA7227D916B300977CA7 /* LaunchScreen.storyboard */ = {
			isa = PBXVariantGroup;
			children = (
				50FDCA7327D916B300977CA7 /* Base */,
			);
			name = LaunchScreen.storyboard;
			sourceTree = "<group>";
		};
/* End PBXVariantGroup section */

/* Begin XCBuildConfiguration section */
		50FDCA8C27D916B300977CA7 /* Debug */ = {
			isa = XCBuildConfiguration;
			buildSettings = {
				ALWAYS_SEARCH_USER_PATHS = NO;
				CLANG_ANALYZER_NONNULL = YES;
				CLANG_ANALYZER_NUMBER_OBJECT_CONVERSION = YES_AGGRESSIVE;
				CLANG_CXX_LANGUAGE_STANDARD = "gnu++17";
				CLANG_CXX_LIBRARY = "libc++";
				CLANG_ENABLE_MODULES = YES;
				CLANG_ENABLE_OBJC_ARC = YES;
				CLANG_ENABLE_OBJC_WEAK = YES;
				CLANG_WARN_BLOCK_CAPTURE_AUTORELEASING = YES;
				CLANG_WARN_BOOL_CONVERSION = YES;
				CLANG_WARN_COMMA = YES;
				CLANG_WARN_CONSTANT_CONVERSION = YES;
				CLANG_WARN_DEPRECATED_OBJC_IMPLEMENTATIONS = YES;
				CLANG_WARN_DIRECT_OBJC_ISA_USAGE = YES_ERROR;
				CLANG_WARN_DOCUMENTATION_COMMENTS = YES;
				CLANG_WARN_EMPTY_BODY = YES;
				CLANG_WARN_ENUM_CONVERSION = YES;
				CLANG_WARN_INFINITE_RECURSION = YES;
				CLANG_WARN_INT_CONVERSION = YES;
				CLANG_WARN_NON_LITERAL_NULL_CONVERSION = YES;
				CLANG_WARN_OBJC_IMPLICIT_RETAIN_SELF = YES;
				CLANG_WARN_OBJC_LITERAL_CONVERSION = YES;
				CLANG_WARN_OBJC_ROOT_CLASS = YES_ERROR;
				CLANG_WARN_QUOTED_INCLUDE_IN_FRAMEWORK_HEADER = YES;
				CLANG_WARN_RANGE_LOOP_ANALYSIS = YES;
				CLANG_WARN_STRICT_PROTOTYPES = YES;
				CLANG_WARN_SUSPICIOUS_MOVE = YES;
				CLANG_WARN_UNGUARDED_AVAILABILITY = YES_AGGRESSIVE;
				CLANG_WARN_UNREACHABLE_CODE = YES;
				CLANG_WARN__DUPLICATE_METHOD_MATCH = YES;
				COPY_PHASE_STRIP = NO;
				DEBUG_INFORMATION_FORMAT = dwarf;
				ENABLE_STRICT_OBJC_MSGSEND = YES;
				ENABLE_TESTABILITY = YES;
				GCC_C_LANGUAGE_STANDARD = gnu11;
				GCC_DYNAMIC_NO_PIC = NO;
				GCC_NO_COMMON_BLOCKS = YES;
				GCC_OPTIMIZATION_LEVEL = 0;
				GCC_PREPROCESSOR_DEFINITIONS = (
					"DEBUG=1",
					"$(inherited)",
				);
				GCC_WARN_64_TO_32_BIT_CONVERSION = YES;
				GCC_WARN_ABOUT_RETURN_TYPE = YES_ERROR;
				GCC_WARN_UNDECLARED_SELECTOR = YES;
				GCC_WARN_UNINITIALIZED_AUTOS = YES_AGGRESSIVE;
				GCC_WARN_UNUSED_FUNCTION = YES;
				GCC_WARN_UNUSED_VARIABLE = YES;
				IPHONEOS_DEPLOYMENT_TARGET = 15.0;
				MTL_ENABLE_DEBUG_INFO = INCLUDE_SOURCE;
				MTL_FAST_MATH = YES;
				ONLY_ACTIVE_ARCH = YES;
				SDKROOT = iphoneos;
				SWIFT_ACTIVE_COMPILATION_CONDITIONS = DEBUG;
				SWIFT_OPTIMIZATION_LEVEL = "-Onone";
			};
			name = Debug;
		};
		50FDCA8D27D916B300977CA7 /* Release */ = {
			isa = XCBuildConfiguration;
			buildSettings = {
				ALWAYS_SEARCH_USER_PATHS = NO;
				CLANG_ANALYZER_NONNULL = YES;
				CLANG_ANALYZER_NUMBER_OBJECT_CONVERSION = YES_AGGRESSIVE;
				CLANG_CXX_LANGUAGE_STANDARD = "gnu++17";
				CLANG_CXX_LIBRARY = "libc++";
				CLANG_ENABLE_MODULES = YES;
				CLANG_ENABLE_OBJC_ARC = YES;
				CLANG_ENABLE_OBJC_WEAK = YES;
				CLANG_WARN_BLOCK_CAPTURE_AUTORELEASING = YES;
				CLANG_WARN_BOOL_CONVERSION = YES;
				CLANG_WARN_COMMA = YES;
				CLANG_WARN_CONSTANT_CONVERSION = YES;
				CLANG_WARN_DEPRECATED_OBJC_IMPLEMENTATIONS = YES;
				CLANG_WARN_DIRECT_OBJC_ISA_USAGE = YES_ERROR;
				CLANG_WARN_DOCUMENTATION_COMMENTS = YES;
				CLANG_WARN_EMPTY_BODY = YES;
				CLANG_WARN_ENUM_CONVERSION = YES;
				CLANG_WARN_INFINITE_RECURSION = YES;
				CLANG_WARN_INT_CONVERSION = YES;
				CLANG_WARN_NON_LITERAL_NULL_CONVERSION = YES;
				CLANG_WARN_OBJC_IMPLICIT_RETAIN_SELF = YES;
				CLANG_WARN_OBJC_LITERAL_CONVERSION = YES;
				CLANG_WARN_OBJC_ROOT_CLASS = YES_ERROR;
				CLANG_WARN_QUOTED_INCLUDE_IN_FRAMEWORK_HEADER = YES;
				CLANG_WARN_RANGE_LOOP_ANALYSIS = YES;
				CLANG_WARN_STRICT_PROTOTYPES = YES;
				CLANG_WARN_SUSPICIOUS_MOVE = YES;
				CLANG_WARN_UNGUARDED_AVAILABILITY = YES_AGGRESSIVE;
				CLANG_WARN_UNREACHABLE_CODE = YES;
				CLANG_WARN__DUPLICATE_METHOD_MATCH = YES;
				COPY_PHASE_STRIP = NO;
				DEBUG_INFORMATION_FORMAT = "dwarf-with-dsym";
				ENABLE_NS_ASSERTIONS = NO;
				ENABLE_STRICT_OBJC_MSGSEND = YES;
				GCC_C_LANGUAGE_STANDARD = gnu11;
				GCC_NO_COMMON_BLOCKS = YES;
				GCC_WARN_64_TO_32_BIT_CONVERSION = YES;
				GCC_WARN_ABOUT_RETURN_TYPE = YES_ERROR;
				GCC_WARN_UNDECLARED_SELECTOR = YES;
				GCC_WARN_UNINITIALIZED_AUTOS = YES_AGGRESSIVE;
				GCC_WARN_UNUSED_FUNCTION = YES;
				GCC_WARN_UNUSED_VARIABLE = YES;
				IPHONEOS_DEPLOYMENT_TARGET = 15.0;
				MTL_ENABLE_DEBUG_INFO = NO;
				MTL_FAST_MATH = YES;
				SDKROOT = iphoneos;
				SWIFT_COMPILATION_MODE = wholemodule;
				SWIFT_OPTIMIZATION_LEVEL = "-O";
				VALIDATE_PRODUCT = YES;
			};
			name = Release;
		};
		50FDCA8F27D916B300977CA7 /* Debug */ = {
			isa = XCBuildConfiguration;
			baseConfigurationReference = ADB2B53D80C672E456538A89 /* Pods-TenTwentyTask.debug.xcconfig */;
			buildSettings = {
				ASSETCATALOG_COMPILER_APPICON_NAME = AppIcon;
				ASSETCATALOG_COMPILER_GLOBAL_ACCENT_COLOR_NAME = AccentColor;
				CODE_SIGN_STYLE = Automatic;
				CURRENT_PROJECT_VERSION = 1;
				GENERATE_INFOPLIST_FILE = YES;
				INFOPLIST_FILE = TenTwentyTask/Info.plist;
				INFOPLIST_KEY_UIApplicationSupportsIndirectInputEvents = YES;
				INFOPLIST_KEY_UILaunchStoryboardName = LaunchScreen;
				INFOPLIST_KEY_UIMainStoryboardFile = Main;
				INFOPLIST_KEY_UISupportedInterfaceOrientations_iPad = "UIInterfaceOrientationPortrait UIInterfaceOrientationPortraitUpsideDown UIInterfaceOrientationLandscapeLeft UIInterfaceOrientationLandscapeRight";
				INFOPLIST_KEY_UISupportedInterfaceOrientations_iPhone = "UIInterfaceOrientationPortrait UIInterfaceOrientationLandscapeLeft UIInterfaceOrientationLandscapeRight";
				LD_RUNPATH_SEARCH_PATHS = (
					"$(inherited)",
					"@executable_path/Frameworks",
				);
				MARKETING_VERSION = 1.0;
				PRODUCT_BUNDLE_IDENTIFIER = com.usama.TenTwentyTask;
				PRODUCT_NAME = "$(TARGET_NAME)";
				SWIFT_EMIT_LOC_STRINGS = YES;
				SWIFT_VERSION = 5.0;
				TARGETED_DEVICE_FAMILY = "1,2";
			};
			name = Debug;
		};
		50FDCA9027D916B300977CA7 /* Release */ = {
			isa = XCBuildConfiguration;
			baseConfigurationReference = B3AF174F5F5628F63D46A2B9 /* Pods-TenTwentyTask.release.xcconfig */;
			buildSettings = {
				ASSETCATALOG_COMPILER_APPICON_NAME = AppIcon;
				ASSETCATALOG_COMPILER_GLOBAL_ACCENT_COLOR_NAME = AccentColor;
				CODE_SIGN_STYLE = Automatic;
				CURRENT_PROJECT_VERSION = 1;
				GENERATE_INFOPLIST_FILE = YES;
				INFOPLIST_FILE = TenTwentyTask/Info.plist;
				INFOPLIST_KEY_UIApplicationSupportsIndirectInputEvents = YES;
				INFOPLIST_KEY_UILaunchStoryboardName = LaunchScreen;
				INFOPLIST_KEY_UIMainStoryboardFile = Main;
				INFOPLIST_KEY_UISupportedInterfaceOrientations_iPad = "UIInterfaceOrientationPortrait UIInterfaceOrientationPortraitUpsideDown UIInterfaceOrientationLandscapeLeft UIInterfaceOrientationLandscapeRight";
				INFOPLIST_KEY_UISupportedInterfaceOrientations_iPhone = "UIInterfaceOrientationPortrait UIInterfaceOrientationLandscapeLeft UIInterfaceOrientationLandscapeRight";
				LD_RUNPATH_SEARCH_PATHS = (
					"$(inherited)",
					"@executable_path/Frameworks",
				);
				MARKETING_VERSION = 1.0;
				PRODUCT_BUNDLE_IDENTIFIER = com.usama.TenTwentyTask;
				PRODUCT_NAME = "$(TARGET_NAME)";
				SWIFT_EMIT_LOC_STRINGS = YES;
				SWIFT_VERSION = 5.0;
				TARGETED_DEVICE_FAMILY = "1,2";
			};
			name = Release;
		};
		50FDCA9227D916B300977CA7 /* Debug */ = {
			isa = XCBuildConfiguration;
			baseConfigurationReference = 540706D1464C8901E8EE50C7 /* Pods-TenTwentyTaskTests.debug.xcconfig */;
			buildSettings = {
				ALWAYS_EMBED_SWIFT_STANDARD_LIBRARIES = YES;
				BUNDLE_LOADER = "$(TEST_HOST)";
				CODE_SIGN_STYLE = Automatic;
				CURRENT_PROJECT_VERSION = 1;
				GENERATE_INFOPLIST_FILE = YES;
				IPHONEOS_DEPLOYMENT_TARGET = 15.0;
				LD_RUNPATH_SEARCH_PATHS = (
					"$(inherited)",
					"@executable_path/Frameworks",
					"@loader_path/Frameworks",
				);
				MARKETING_VERSION = 1.0;
				PRODUCT_BUNDLE_IDENTIFIER = com.usama.TenTwentyTaskTests;
				PRODUCT_NAME = "$(TARGET_NAME)";
				SWIFT_EMIT_LOC_STRINGS = NO;
				SWIFT_VERSION = 5.0;
				TARGETED_DEVICE_FAMILY = "1,2";
				TEST_HOST = "$(BUILT_PRODUCTS_DIR)/TenTwentyTask.app/TenTwentyTask";
			};
			name = Debug;
		};
		50FDCA9327D916B300977CA7 /* Release */ = {
			isa = XCBuildConfiguration;
			baseConfigurationReference = 95F02991372933CBC726E0BA /* Pods-TenTwentyTaskTests.release.xcconfig */;
			buildSettings = {
				ALWAYS_EMBED_SWIFT_STANDARD_LIBRARIES = YES;
				BUNDLE_LOADER = "$(TEST_HOST)";
				CODE_SIGN_STYLE = Automatic;
				CURRENT_PROJECT_VERSION = 1;
				GENERATE_INFOPLIST_FILE = YES;
				IPHONEOS_DEPLOYMENT_TARGET = 15.0;
				LD_RUNPATH_SEARCH_PATHS = (
					"$(inherited)",
					"@executable_path/Frameworks",
					"@loader_path/Frameworks",
				);
				MARKETING_VERSION = 1.0;
				PRODUCT_BUNDLE_IDENTIFIER = com.usama.TenTwentyTaskTests;
				PRODUCT_NAME = "$(TARGET_NAME)";
				SWIFT_EMIT_LOC_STRINGS = NO;
				SWIFT_VERSION = 5.0;
				TARGETED_DEVICE_FAMILY = "1,2";
				TEST_HOST = "$(BUILT_PRODUCTS_DIR)/TenTwentyTask.app/TenTwentyTask";
			};
			name = Release;
		};
		50FDCA9527D916B300977CA7 /* Debug */ = {
			isa = XCBuildConfiguration;
			baseConfigurationReference = 47F135FD33A62CF9952B8458 /* Pods-TenTwentyTask-TenTwentyTaskUITests.debug.xcconfig */;
			buildSettings = {
				ALWAYS_EMBED_SWIFT_STANDARD_LIBRARIES = YES;
				CODE_SIGN_STYLE = Automatic;
				CURRENT_PROJECT_VERSION = 1;
				GENERATE_INFOPLIST_FILE = YES;
				LD_RUNPATH_SEARCH_PATHS = (
					"$(inherited)",
					"@executable_path/Frameworks",
					"@loader_path/Frameworks",
				);
				MARKETING_VERSION = 1.0;
				PRODUCT_BUNDLE_IDENTIFIER = com.usama.TenTwentyTaskUITests;
				PRODUCT_NAME = "$(TARGET_NAME)";
				SWIFT_EMIT_LOC_STRINGS = NO;
				SWIFT_VERSION = 5.0;
				TARGETED_DEVICE_FAMILY = "1,2";
				TEST_TARGET_NAME = TenTwentyTask;
			};
			name = Debug;
		};
		50FDCA9627D916B300977CA7 /* Release */ = {
			isa = XCBuildConfiguration;
			baseConfigurationReference = F9DD87C6BD344E5E73D3C525 /* Pods-TenTwentyTask-TenTwentyTaskUITests.release.xcconfig */;
			buildSettings = {
				ALWAYS_EMBED_SWIFT_STANDARD_LIBRARIES = YES;
				CODE_SIGN_STYLE = Automatic;
				CURRENT_PROJECT_VERSION = 1;
				GENERATE_INFOPLIST_FILE = YES;
				LD_RUNPATH_SEARCH_PATHS = (
					"$(inherited)",
					"@executable_path/Frameworks",
					"@loader_path/Frameworks",
				);
				MARKETING_VERSION = 1.0;
				PRODUCT_BUNDLE_IDENTIFIER = com.usama.TenTwentyTaskUITests;
				PRODUCT_NAME = "$(TARGET_NAME)";
				SWIFT_EMIT_LOC_STRINGS = NO;
				SWIFT_VERSION = 5.0;
				TARGETED_DEVICE_FAMILY = "1,2";
				TEST_TARGET_NAME = TenTwentyTask;
			};
			name = Release;
		};
/* End XCBuildConfiguration section */

/* Begin XCConfigurationList section */
		50FDCA5C27D916B000977CA7 /* Build configuration list for PBXProject "TenTwentyTask" */ = {
			isa = XCConfigurationList;
			buildConfigurations = (
				50FDCA8C27D916B300977CA7 /* Debug */,
				50FDCA8D27D916B300977CA7 /* Release */,
			);
			defaultConfigurationIsVisible = 0;
			defaultConfigurationName = Release;
		};
		50FDCA8E27D916B300977CA7 /* Build configuration list for PBXNativeTarget "TenTwentyTask" */ = {
			isa = XCConfigurationList;
			buildConfigurations = (
				50FDCA8F27D916B300977CA7 /* Debug */,
				50FDCA9027D916B300977CA7 /* Release */,
			);
			defaultConfigurationIsVisible = 0;
			defaultConfigurationName = Release;
		};
		50FDCA9127D916B300977CA7 /* Build configuration list for PBXNativeTarget "TenTwentyTaskTests" */ = {
			isa = XCConfigurationList;
			buildConfigurations = (
				50FDCA9227D916B300977CA7 /* Debug */,
				50FDCA9327D916B300977CA7 /* Release */,
			);
			defaultConfigurationIsVisible = 0;
			defaultConfigurationName = Release;
		};
		50FDCA9427D916B300977CA7 /* Build configuration list for PBXNativeTarget "TenTwentyTaskUITests" */ = {
			isa = XCConfigurationList;
			buildConfigurations = (
				50FDCA9527D916B300977CA7 /* Debug */,
				50FDCA9627D916B300977CA7 /* Release */,
			);
			defaultConfigurationIsVisible = 0;
			defaultConfigurationName = Release;
		};
/* End XCConfigurationList section */

/* Begin XCVersionGroup section */
		50FDCA6D27D916B000977CA7 /* TenTwentyTask.xcdatamodeld */ = {
			isa = XCVersionGroup;
			children = (
				50FDCA6E27D916B000977CA7 /* TenTwentyTask.xcdatamodel */,
			);
			currentVersion = 50FDCA6E27D916B000977CA7 /* TenTwentyTask.xcdatamodel */;
			path = TenTwentyTask.xcdatamodeld;
			sourceTree = "<group>";
			versionGroupType = wrapper.xcdatamodel;
		};
/* End XCVersionGroup section */
	};
	rootObject = 50FDCA5927D916B000977CA7 /* Project object */;
}
